<?xml version="1.0" encoding="utf-8"?>
<Project ToolsVersion="4.0" xmlns="http://schemas.microsoft.com/developer/msbuild/2003">
  <ItemGroup>
    <Filter Include="Source Files">
      <UniqueIdentifier>{4FC737F1-C7A5-4376-A066-2A32D752A2FF}</UniqueIdentifier>
      <Extensions>cpp;c;cc;cxx;def;odl;idl;hpj;bat;asm;asmx</Extensions>
    </Filter>
    <Filter Include="Resource Files">
      <UniqueIdentifier>{D9D6E242-F8AF-46E4-B9FD-80ECBC20BA3E}</UniqueIdentifier>
      <Extensions>qrc;*</Extensions>
      <ParseFiles>false</ParseFiles>
    </Filter>
    <Filter Include="Resource Files">
      <UniqueIdentifier>{D9D6E242-F8AF-46E4-B9FD-80ECBC20BA3E}</UniqueIdentifier>
      <Extensions>qrc;*</Extensions>
      <ParseFiles>false</ParseFiles>
    </Filter>
    <Filter Include="Generated Files">
      <UniqueIdentifier>{71ED8ED8-ACB9-4CE9-BBE1-E00B30144E11}</UniqueIdentifier>
      <Extensions>moc;h;cpp</Extensions>
      <SourceControlFiles>False</SourceControlFiles>
    </Filter>
    <Filter Include="Common Files">
      <UniqueIdentifier>{84207cfe-bd94-4fe0-94c9-1ede9146a721}</UniqueIdentifier>
    </Filter>
    <Filter Include="Header Files">
      <UniqueIdentifier>{93995380-89BD-4b04-88EB-625FBE52EBFB}</UniqueIdentifier>
      <Extensions>h;hh;hpp;hxx;hm;inl;inc;xsd</Extensions>
    </Filter>
    <Filter Include="Form Files">
      <UniqueIdentifier>{99349809-55BA-4b9d-BF79-8FDBB0286EB3}</UniqueIdentifier>
      <Extensions>ui</Extensions>
    </Filter>
    <Filter Include="Json Files">
      <UniqueIdentifier>{3fca2760-ee5d-4591-ba88-22683566ca13}</UniqueIdentifier>
    </Filter>
  </ItemGroup>
  <ItemGroup>
    <ClCompile Include="screen-app.cpp">
      <Filter>Source Files</Filter>
    </ClCompile>
    <ClCompile Include="qt-wrappers.cpp">
      <Filter>Source Files</Filter>
    </ClCompile>
    <ClCompile Include="platform-windows.cpp">
      <Filter>Source Files</Filter>
    </ClCompile>
    <ClCompile Include="..\Student\common\getopt.cpp">
      <Filter>Common Files</Filter>
    </ClCompile>
    <ClCompile Include="..\Student\common\OSThread.cpp">
      <Filter>Common Files</Filter>
    </ClCompile>
    <ClCompile Include="..\Student\common\SocketUtils.cpp">
      <Filter>Common Files</Filter>
    </ClCompile>
    <ClCompile Include="..\Student\common\StrPtrLen.cpp">
      <Filter>Common Files</Filter>
    </ClCompile>
    <ClCompile Include="..\Student\json\json_reader.cpp">
      <Filter>Json Files</Filter>
    </ClCompile>
    <ClCompile Include="..\Student\json\json_value.cpp">
      <Filter>Json Files</Filter>
    </ClCompile>
    <ClCompile Include="..\Student\json\json_writer.cpp">
      <Filter>Json Files</Filter>
    </ClCompile>
  </ItemGroup>
  <ItemGroup>
    <QtMoc Include="screen-app.h">
      <Filter>Header Files</Filter>
    </QtMoc>
  </ItemGroup>
  <ItemGroup>
    <QtUic Include="Screen.ui">
      <Filter>Form Files</Filter>
    </QtUic>
  </ItemGroup>
  <ItemGroup>
    <QtRcc Include="Screen.qrc">
      <Filter>Resource Files</Filter>
    </QtRcc>
  </ItemGroup>
  <ItemGroup>
    <ClInclude Include="qt-wrappers.hpp">
      <Filter>Header Files</Filter>
    </ClInclude>
    <ClInclude Include="platform.hpp">
      <Filter>Header Files</Filter>
    </ClInclude>
    <ClInclude Include="HYDefine.h">
      <Filter>Header Files</Filter>
    </ClInclude>
    <ClInclude Include="..\Student\common\getopt.h">
      <Filter>Common Files</Filter>
    </ClInclude>
    <ClInclude Include="..\Student\common\OSThread.h">
      <Filter>Common Files</Filter>
    </ClInclude>
    <ClInclude Include="..\Student\common\SocketUtils.h">
      <Filter>Common Files</Filter>
    </ClInclude>
    <ClInclude Include="..\Student\common\StrPtrLen.h">
      <Filter>Common Files</Filter>
    </ClInclude>
    <ClInclude Include="..\Student\json\autolink.h">
      <Filter>Json Files</Filter>
    </ClInclude>
    <ClInclude Include="..\Student\json\config.h">
      <Filter>Json Files</Filter>
    </ClInclude>
    <ClInclude Include="..\Student\json\features.h">
      <Filter>Json Files</Filter>
    </ClInclude>
    <ClInclude Include="..\Student\json\forwards.h">
      <Filter>Json Files</Filter>
    </ClInclude>
    <ClInclude Include="..\Student\json\json.h">
      <Filter>Json Files</Filter>
    </ClInclude>
    <ClInclude Include="..\Student\json\json_batchallocator.h">
      <Filter>Json Files</Filter>
    </ClInclude>
    <ClInclude Include="..\Student\json\json_tool.h">
      <Filter>Json Files</Filter>
    </ClInclude>
    <ClInclude Include="..\Student\json\reader.h">
      <Filter>Json Files</Filter>
    </ClInclude>
    <ClInclude Include="..\Student\json\value.h">
      <Filter>Json Files</Filter>
    </ClInclude>
    <ClInclude Include="..\Student\json\writer.h">
      <Filter>Json Files</Filter>
    </ClInclude>
  </ItemGroup>
</Project>