Microsoft Visual Studio Solution File, Format Version 12.00
# Visual Studio 14
Project("{8BC9CEB8-8B4A-11D0-8D11-00A0C91BC942}") = "ALL_BUILD", "ALL_BUILD.vcxproj", "{711D1003-F3D9-3D46-A7F2-342EAEB73EF8}"
	ProjectSection(ProjectDependencies) = postProject
		{BA947A84-0290-3579-9863-BA9A70F590C1} = {BA947A84-0290-3579-9863-BA9A70F590C1}
		{81B155FA-0A88-3B26-BDE4-61048DE22BFF} = {81B155FA-0A88-3B26-BDE4-61048DE22BFF}
		{A6D3D7F0-02D2-3323-867A-02ACAD96EBCA} = {A6D3D7F0-02D2-3323-867A-02ACAD96EBCA}
		{09367B3B-D474-3FA9-82F6-05CB698100C4} = {09367B3B-D474-3FA9-82F6-05CB698100C4}
		{FE3184C5-7651-383C-884C-0B89CDE5A597} = {FE3184C5-7651-383C-884C-0B89CDE5A597}
	EndProjectSection
EndProject
Project("{8BC9CEB8-8B4A-11D0-8D11-00A0C91BC942}") = "INSTALL", "INSTALL.vcxproj", "{AAFF54F7-7D94-3415-88D3-73FCF7B74AF9}"
	ProjectSection(ProjectDependencies) = postProject
		{711D1003-F3D9-3D46-A7F2-342EAEB73EF8} = {711D1003-F3D9-3D46-A7F2-342EAEB73EF8}
		{BA947A84-0290-3579-9863-BA9A70F590C1} = {BA947A84-0290-3579-9863-BA9A70F590C1}
	EndProjectSection
EndProject
Project("{8BC9CEB8-8B4A-11D0-8D11-00A0C91BC942}") = "PACKAGE", "PACKAGE.vcxproj", "{D1A22911-048D-3BB1-B683-5C9252B142F7}"
	ProjectSection(ProjectDependencies) = postProject
		{711D1003-F3D9-3D46-A7F2-342EAEB73EF8} = {711D1003-F3D9-3D46-A7F2-342EAEB73EF8}
		{BA947A84-0290-3579-9863-BA9A70F590C1} = {BA947A84-0290-3579-9863-BA9A70F590C1}
	EndProjectSection
EndProject
Project("{8BC9CEB8-8B4A-11D0-8D11-00A0C91BC942}") = "ZERO_CHECK", "..\..\\ZERO_CHECK.vcxproj", "{BA947A84-0290-3579-9863-BA9A70F590C1}"
	ProjectSection(ProjectDependencies) = postProject
	EndProjectSection
EndProject
Project("{8BC9CEB8-8B4A-11D0-8D11-00A0C91BC942}") = "get-graphics-offsets", "get-graphics-offsets\get-graphics-offsets.vcxproj", "{81B155FA-0A88-3B26-BDE4-61048DE22BFF}"
	ProjectSection(ProjectDependencies) = postProject
		{BA947A84-0290-3579-9863-BA9A70F590C1} = {BA947A84-0290-3579-9863-BA9A70F590C1}
	EndProjectSection
EndProject
Project("{8BC9CEB8-8B4A-11D0-8D11-00A0C91BC942}") = "graphics-hook", "graphics-hook\graphics-hook.vcxproj", "{A6D3D7F0-02D2-3323-867A-02ACAD96EBCA}"
	ProjectSection(ProjectDependencies) = postProject
		{BA947A84-0290-3579-9863-BA9A70F590C1} = {BA947A84-0290-3579-9863-BA9A70F590C1}
		{7FCA7B95-177C-3A09-B599-DAF8E89FD423} = {7FCA7B95-177C-3A09-B599-DAF8E89FD423}
	EndProjectSection
EndProject
Project("{8BC9CEB8-8B4A-11D0-8D11-00A0C91BC942}") = "inject-helper", "inject-helper\inject-helper.vcxproj", "{09367B3B-D474-3FA9-82F6-05CB698100C4}"
	ProjectSection(ProjectDependencies) = postProject
		{BA947A84-0290-3579-9863-BA9A70F590C1} = {BA947A84-0290-3579-9863-BA9A70F590C1}
	EndProjectSection
EndProject
Project("{8BC9CEB8-8B4A-11D0-8D11-00A0C91BC942}") = "ipc-util", "..\..\deps\ipc-util\ipc-util.vcxproj", "{7FCA7B95-177C-3A09-B599-DAF8E89FD423}"
	ProjectSection(ProjectDependencies) = postProject
		{BA947A84-0290-3579-9863-BA9A70F590C1} = {BA947A84-0290-3579-9863-BA9A70F590C1}
	EndProjectSection
EndProject
Project("{8BC9CEB8-8B4A-11D0-8D11-00A0C91BC942}") = "jansson", "..\..\deps\jansson\jansson.vcxproj", "{2C7080A7-DB30-3079-A38E-9114612CABFD}"
	ProjectSection(ProjectDependencies) = postProject
		{BA947A84-0290-3579-9863-BA9A70F590C1} = {BA947A84-0290-3579-9863-BA9A70F590C1}
	EndProjectSection
EndProject
Project("{8BC9CEB8-8B4A-11D0-8D11-00A0C91BC942}") = "libobs", "..\..\libobs\libobs.vcxproj", "{FFD76A14-AEE4-357C-869A-1E80B7A577CB}"
	ProjectSection(ProjectDependencies) = postProject
		{BA947A84-0290-3579-9863-BA9A70F590C1} = {BA947A84-0290-3579-9863-BA9A70F590C1}
		{2C7080A7-DB30-3079-A38E-9114612CABFD} = {2C7080A7-DB30-3079-A38E-9114612CABFD}
		{F0673D42-0362-3741-8D65-8764B4948E1F} = {F0673D42-0362-3741-8D65-8764B4948E1F}
	EndProjectSection
EndProject
Project("{8BC9CEB8-8B4A-11D0-8D11-00A0C91BC942}") = "w32-pthreads", "..\..\deps\w32-pthreads\w32-pthreads.vcxproj", "{F0673D42-0362-3741-8D65-8764B4948E1F}"
	ProjectSection(ProjectDependencies) = postProject
		{BA947A84-0290-3579-9863-BA9A70F590C1} = {BA947A84-0290-3579-9863-BA9A70F590C1}
	EndProjectSection
EndProject
Project("{8BC9CEB8-8B4A-11D0-8D11-00A0C91BC942}") = "win-capture", "win-capture.vcxproj", "{FE3184C5-7651-383C-884C-0B89CDE5A597}"
	ProjectSection(ProjectDependencies) = postProject
		{BA947A84-0290-3579-9863-BA9A70F590C1} = {BA947A84-0290-3579-9863-BA9A70F590C1}
		{7FCA7B95-177C-3A09-B599-DAF8E89FD423} = {7FCA7B95-177C-3A09-B599-DAF8E89FD423}
		{FFD76A14-AEE4-357C-869A-1E80B7A577CB} = {FFD76A14-AEE4-357C-869A-1E80B7A577CB}
	EndProjectSection
EndProject
Global
	GlobalSection(SolutionConfigurationPlatforms) = preSolution
		Debug|Win32 = Debug|Win32
		Release|Win32 = Release|Win32
		MinSizeRel|Win32 = MinSizeRel|Win32
		RelWithDebInfo|Win32 = RelWithDebInfo|Win32
	EndGlobalSection
	GlobalSection(ProjectConfigurationPlatforms) = postSolution
		{711D1003-F3D9-3D46-A7F2-342EAEB73EF8}.Debug|Win32.ActiveCfg = Debug|Win32
		{711D1003-F3D9-3D46-A7F2-342EAEB73EF8}.Debug|Win32.Build.0 = Debug|Win32
		{711D1003-F3D9-3D46-A7F2-342EAEB73EF8}.Release|Win32.ActiveCfg = Release|Win32
		{711D1003-F3D9-3D46-A7F2-342EAEB73EF8}.Release|Win32.Build.0 = Release|Win32
		{711D1003-F3D9-3D46-A7F2-342EAEB73EF8}.MinSizeRel|Win32.ActiveCfg = MinSizeRel|Win32
		{711D1003-F3D9-3D46-A7F2-342EAEB73EF8}.MinSizeRel|Win32.Build.0 = MinSizeRel|Win32
		{711D1003-F3D9-3D46-A7F2-342EAEB73EF8}.RelWithDebInfo|Win32.ActiveCfg = RelWithDebInfo|Win32
		{711D1003-F3D9-3D46-A7F2-342EAEB73EF8}.RelWithDebInfo|Win32.Build.0 = RelWithDebInfo|Win32
		{AAFF54F7-7D94-3415-88D3-73FCF7B74AF9}.Debug|Win32.ActiveCfg = Debug|Win32
		{AAFF54F7-7D94-3415-88D3-73FCF7B74AF9}.Release|Win32.ActiveCfg = Release|Win32
		{AAFF54F7-7D94-3415-88D3-73FCF7B74AF9}.MinSizeRel|Win32.ActiveCfg = MinSizeRel|Win32
		{AAFF54F7-7D94-3415-88D3-73FCF7B74AF9}.RelWithDebInfo|Win32.ActiveCfg = RelWithDebInfo|Win32
		{D1A22911-048D-3BB1-B683-5C9252B142F7}.Debug|Win32.ActiveCfg = Debug|Win32
		{D1A22911-048D-3BB1-B683-5C9252B142F7}.Release|Win32.ActiveCfg = Release|Win32
		{D1A22911-048D-3BB1-B683-5C9252B142F7}.MinSizeRel|Win32.ActiveCfg = MinSizeRel|Win32
		{D1A22911-048D-3BB1-B683-5C9252B142F7}.RelWithDebInfo|Win32.ActiveCfg = RelWithDebInfo|Win32
		{BA947A84-0290-3579-9863-BA9A70F590C1}.Debug|Win32.ActiveCfg = Debug|Win32
		{BA947A84-0290-3579-9863-BA9A70F590C1}.Debug|Win32.Build.0 = Debug|Win32
		{BA947A84-0290-3579-9863-BA9A70F590C1}.Release|Win32.ActiveCfg = Release|Win32
		{BA947A84-0290-3579-9863-BA9A70F590C1}.Release|Win32.Build.0 = Release|Win32
		{BA947A84-0290-3579-9863-BA9A70F590C1}.MinSizeRel|Win32.ActiveCfg = MinSizeRel|Win32
		{BA947A84-0290-3579-9863-BA9A70F590C1}.MinSizeRel|Win32.Build.0 = MinSizeRel|Win32
		{BA947A84-0290-3579-9863-BA9A70F590C1}.RelWithDebInfo|Win32.ActiveCfg = RelWithDebInfo|Win32
		{BA947A84-0290-3579-9863-BA9A70F590C1}.RelWithDebInfo|Win32.Build.0 = RelWithDebInfo|Win32
		{81B155FA-0A88-3B26-BDE4-61048DE22BFF}.Debug|Win32.ActiveCfg = Debug|Win32
		{81B155FA-0A88-3B26-BDE4-61048DE22BFF}.Debug|Win32.Build.0 = Debug|Win32
		{81B155FA-0A88-3B26-BDE4-61048DE22BFF}.Release|Win32.ActiveCfg = Release|Win32
		{81B155FA-0A88-3B26-BDE4-61048DE22BFF}.Release|Win32.Build.0 = Release|Win32
		{81B155FA-0A88-3B26-BDE4-61048DE22BFF}.MinSizeRel|Win32.ActiveCfg = MinSizeRel|Win32
		{81B155FA-0A88-3B26-BDE4-61048DE22BFF}.MinSizeRel|Win32.Build.0 = MinSizeRel|Win32
		{81B155FA-0A88-3B26-BDE4-61048DE22BFF}.RelWithDebInfo|Win32.ActiveCfg = RelWithDebInfo|Win32
		{81B155FA-0A88-3B26-BDE4-61048DE22BFF}.RelWithDebInfo|Win32.Build.0 = RelWithDebInfo|Win32
		{A6D3D7F0-02D2-3323-867A-02ACAD96EBCA}.Debug|Win32.ActiveCfg = Debug|Win32
		{A6D3D7F0-02D2-3323-867A-02ACAD96EBCA}.Debug|Win32.Build.0 = Debug|Win32
		{A6D3D7F0-02D2-3323-867A-02ACAD96EBCA}.Release|Win32.ActiveCfg = Release|Win32
		{A6D3D7F0-02D2-3323-867A-02ACAD96EBCA}.Release|Win32.Build.0 = Release|Win32
		{A6D3D7F0-02D2-3323-867A-02ACAD96EBCA}.MinSizeRel|Win32.ActiveCfg = MinSizeRel|Win32
		{A6D3D7F0-02D2-3323-867A-02ACAD96EBCA}.MinSizeRel|Win32.Build.0 = MinSizeRel|Win32
		{A6D3D7F0-02D2-3323-867A-02ACAD96EBCA}.RelWithDebInfo|Win32.ActiveCfg = RelWithDebInfo|Win32
		{A6D3D7F0-02D2-3323-867A-02ACAD96EBCA}.RelWithDebInfo|Win32.Build.0 = RelWithDebInfo|Win32
		{09367B3B-D474-3FA9-82F6-05CB698100C4}.Debug|Win32.ActiveCfg = Debug|Win32
		{09367B3B-D474-3FA9-82F6-05CB698100C4}.Debug|Win32.Build.0 = Debug|Win32
		{09367B3B-D474-3FA9-82F6-05CB698100C4}.Release|Win32.ActiveCfg = Release|Win32
		{09367B3B-D474-3FA9-82F6-05CB698100C4}.Release|Win32.Build.0 = Release|Win32
		{09367B3B-D474-3FA9-82F6-05CB698100C4}.MinSizeRel|Win32.ActiveCfg = MinSizeRel|Win32
		{09367B3B-D474-3FA9-82F6-05CB698100C4}.MinSizeRel|Win32.Build.0 = MinSizeRel|Win32
		{09367B3B-D474-3FA9-82F6-05CB698100C4}.RelWithDebInfo|Win32.ActiveCfg = RelWithDebInfo|Win32
		{09367B3B-D474-3FA9-82F6-05CB698100C4}.RelWithDebInfo|Win32.Build.0 = RelWithDebInfo|Win32
		{7FCA7B95-177C-3A09-B599-DAF8E89FD423}.Debug|Win32.ActiveCfg = Debug|Win32
		{7FCA7B95-177C-3A09-B599-DAF8E89FD423}.Debug|Win32.Build.0 = Debug|Win32
		{7FCA7B95-177C-3A09-B599-DAF8E89FD423}.Release|Win32.ActiveCfg = Release|Win32
		{7FCA7B95-177C-3A09-B599-DAF8E89FD423}.Release|Win32.Build.0 = Release|Win32
		{7FCA7B95-177C-3A09-B599-DAF8E89FD423}.MinSizeRel|Win32.ActiveCfg = MinSizeRel|Win32
		{7FCA7B95-177C-3A09-B599-DAF8E89FD423}.MinSizeRel|Win32.Build.0 = MinSizeRel|Win32
		{7FCA7B95-177C-3A09-B599-DAF8E89FD423}.RelWithDebInfo|Win32.ActiveCfg = RelWithDebInfo|Win32
		{7FCA7B95-177C-3A09-B599-DAF8E89FD423}.RelWithDebInfo|Win32.Build.0 = RelWithDebInfo|Win32
		{2C7080A7-DB30-3079-A38E-9114612CABFD}.Debug|Win32.ActiveCfg = Debug|Win32
		{2C7080A7-DB30-3079-A38E-9114612CABFD}.Debug|Win32.Build.0 = Debug|Win32
		{2C7080A7-DB30-3079-A38E-9114612CABFD}.Release|Win32.ActiveCfg = Release|Win32
		{2C7080A7-DB30-3079-A38E-9114612CABFD}.Release|Win32.Build.0 = Release|Win32
		{2C7080A7-DB30-3079-A38E-9114612CABFD}.MinSizeRel|Win32.ActiveCfg = MinSizeRel|Win32
		{2C7080A7-DB30-3079-A38E-9114612CABFD}.MinSizeRel|Win32.Build.0 = MinSizeRel|Win32
		{2C7080A7-DB30-3079-A38E-9114612CABFD}.RelWithDebInfo|Win32.ActiveCfg = RelWithDebInfo|Win32
		{2C7080A7-DB30-3079-A38E-9114612CABFD}.RelWithDebInfo|Win32.Build.0 = RelWithDebInfo|Win32
		{FFD76A14-AEE4-357C-869A-1E80B7A577CB}.Debug|Win32.ActiveCfg = Debug|Win32
		{FFD76A14-AEE4-357C-869A-1E80B7A577CB}.Debug|Win32.Build.0 = Debug|Win32
		{FFD76A14-AEE4-357C-869A-1E80B7A577CB}.Release|Win32.ActiveCfg = Release|Win32
		{FFD76A14-AEE4-357C-869A-1E80B7A577CB}.Release|Win32.Build.0 = Release|Win32
		{FFD76A14-AEE4-357C-869A-1E80B7A577CB}.MinSizeRel|Win32.ActiveCfg = MinSizeRel|Win32
		{FFD76A14-AEE4-357C-869A-1E80B7A577CB}.MinSizeRel|Win32.Build.0 = MinSizeRel|Win32
		{FFD76A14-AEE4-357C-869A-1E80B7A577CB}.RelWithDebInfo|Win32.ActiveCfg = RelWithDebInfo|Win32
		{FFD76A14-AEE4-357C-869A-1E80B7A577CB}.RelWithDebInfo|Win32.Build.0 = RelWithDebInfo|Win32
		{F0673D42-0362-3741-8D65-8764B4948E1F}.Debug|Win32.ActiveCfg = Debug|Win32
		{F0673D42-0362-3741-8D65-8764B4948E1F}.Debug|Win32.Build.0 = Debug|Win32
		{F0673D42-0362-3741-8D65-8764B4948E1F}.Release|Win32.ActiveCfg = Release|Win32
		{F0673D42-0362-3741-8D65-8764B4948E1F}.Release|Win32.Build.0 = Release|Win32
		{F0673D42-0362-3741-8D65-8764B4948E1F}.MinSizeRel|Win32.ActiveCfg = MinSizeRel|Win32
		{F0673D42-0362-3741-8D65-8764B4948E1F}.MinSizeRel|Win32.Build.0 = MinSizeRel|Win32
		{F0673D42-0362-3741-8D65-8764B4948E1F}.RelWithDebInfo|Win32.ActiveCfg = RelWithDebInfo|Win32
		{F0673D42-0362-3741-8D65-8764B4948E1F}.RelWithDebInfo|Win32.Build.0 = RelWithDebInfo|Win32
		{FE3184C5-7651-383C-884C-0B89CDE5A597}.Debug|Win32.ActiveCfg = Debug|Win32
		{FE3184C5-7651-383C-884C-0B89CDE5A597}.Debug|Win32.Build.0 = Debug|Win32
		{FE3184C5-7651-383C-884C-0B89CDE5A597}.Release|Win32.ActiveCfg = Release|Win32
		{FE3184C5-7651-383C-884C-0B89CDE5A597}.Release|Win32.Build.0 = Release|Win32
		{FE3184C5-7651-383C-884C-0B89CDE5A597}.MinSizeRel|Win32.ActiveCfg = MinSizeRel|Win32
		{FE3184C5-7651-383C-884C-0B89CDE5A597}.MinSizeRel|Win32.Build.0 = MinSizeRel|Win32
		{FE3184C5-7651-383C-884C-0B89CDE5A597}.RelWithDebInfo|Win32.ActiveCfg = RelWithDebInfo|Win32
		{FE3184C5-7651-383C-884C-0B89CDE5A597}.RelWithDebInfo|Win32.Build.0 = RelWithDebInfo|Win32
	EndGlobalSection
	GlobalSection(ExtensibilityGlobals) = postSolution
		SolutionGuid = {120C6C7F-3E06-36C7-8CD8-0BE523C60510}
	EndGlobalSection
	GlobalSection(ExtensibilityAddIns) = postSolution
	EndGlobalSection
EndGlobal
