<?xml version="1.0" encoding="utf-8"?>
<Project ToolsVersion="4.0" xmlns="http://schemas.microsoft.com/developer/msbuild/2003">
  <ItemGroup>
    <Filter Include="Source Files">
      <UniqueIdentifier>{4FC737F1-C7A5-4376-A066-2A32D752A2FF}</UniqueIdentifier>
      <Extensions>cpp;c;cc;cxx;def;odl;idl;hpj;bat;asm;asmx</Extensions>
    </Filter>
    <Filter Include="Resource Files">
      <UniqueIdentifier>{D9D6E242-F8AF-46E4-B9FD-80ECBC20BA3E}</UniqueIdentifier>
      <Extensions>qrc;*</Extensions>
      <ParseFiles>false</ParseFiles>
    </Filter>
    <Filter Include="Form Files">
      <UniqueIdentifier>{99349809-55BA-4b9d-BF79-8FDBB0286EB3}</UniqueIdentifier>
      <Extensions>ui</Extensions>
    </Filter>
    <Filter Include="Resource Files">
      <UniqueIdentifier>{D9D6E242-F8AF-46E4-B9FD-80ECBC20BA3E}</UniqueIdentifier>
      <Extensions>qrc;*</Extensions>
      <ParseFiles>false</ParseFiles>
    </Filter>
    <Filter Include="Generated Files">
      <UniqueIdentifier>{71ED8ED8-ACB9-4CE9-BBE1-E00B30144E11}</UniqueIdentifier>
      <Extensions>moc;h;cpp</Extensions>
      <SourceControlFiles>False</SourceControlFiles>
    </Filter>
    <Filter Include="Common Files">
      <UniqueIdentifier>{0a2bfe41-c5f8-4c89-8d93-8b643d19bf79}</UniqueIdentifier>
    </Filter>
    <Filter Include="Json Files">
      <UniqueIdentifier>{538ec026-4c05-441a-bd6f-f986dfe9510f}</UniqueIdentifier>
    </Filter>
    <Filter Include="Header Files">
      <UniqueIdentifier>{93995380-89BD-4b04-88EB-625FBE52EBFB}</UniqueIdentifier>
      <Extensions>h;hh;hpp;hxx;hm;inl;inc;xsd</Extensions>
    </Filter>
    <Filter Include="Curl Files">
      <UniqueIdentifier>{3b95e369-97ec-4df3-9566-7550a17d733c}</UniqueIdentifier>
    </Filter>
    <Filter Include="FastDFS Files">
      <UniqueIdentifier>{b1a2c001-a4b4-4001-9901-b920636512df}</UniqueIdentifier>
    </Filter>
    <Filter Include="rtp Files">
      <UniqueIdentifier>{aa8db552-e07d-480f-99e7-9f60b7a5f53c}</UniqueIdentifier>
    </Filter>
  </ItemGroup>
  <ItemGroup>
    <ClCompile Include="window-login-base.cpp">
      <Filter>Source Files</Filter>
    </ClCompile>
    <ClCompile Include="window-login-main.cpp">
      <Filter>Source Files</Filter>
    </ClCompile>
    <ClCompile Include="window-login-title.cpp">
      <Filter>Source Files</Filter>
    </ClCompile>
    <ClCompile Include="qt-wrappers.cpp">
      <Filter>Source Files</Filter>
    </ClCompile>
    <ClCompile Include="student-app.cpp">
      <Filter>Source Files</Filter>
    </ClCompile>
    <ClCompile Include="window-student-main.cpp">
      <Filter>Source Files</Filter>
    </ClCompile>
    <ClCompile Include="qt-display.cpp">
      <Filter>Source Files</Filter>
    </ClCompile>
    <ClCompile Include="window-view-left.cpp">
      <Filter>Source Files</Filter>
    </ClCompile>
    <ClCompile Include="window-view-right.cpp">
      <Filter>Source Files</Filter>
    </ClCompile>
    <ClCompile Include="window-view-camera.cpp">
      <Filter>Source Files</Filter>
    </ClCompile>
    <ClCompile Include="window-view-teacher.cpp">
      <Filter>Source Files</Filter>
    </ClCompile>
    <ClCompile Include="common\OSThread.cpp">
      <Filter>Common Files</Filter>
    </ClCompile>
    <ClCompile Include="common\Socket.cpp">
      <Filter>Common Files</Filter>
    </ClCompile>
    <ClCompile Include="common\SocketUtils.cpp">
      <Filter>Common Files</Filter>
    </ClCompile>
    <ClCompile Include="common\StrPtrLen.cpp">
      <Filter>Common Files</Filter>
    </ClCompile>
    <ClCompile Include="common\UDPSocket.cpp">
      <Filter>Common Files</Filter>
    </ClCompile>
    <ClCompile Include="web-thread.cpp">
      <Filter>Source Files</Filter>
    </ClCompile>
    <ClCompile Include="json\json_reader.cpp">
      <Filter>Json Files</Filter>
    </ClCompile>
    <ClCompile Include="json\json_value.cpp">
      <Filter>Json Files</Filter>
    </ClCompile>
    <ClCompile Include="json\json_writer.cpp">
      <Filter>Json Files</Filter>
    </ClCompile>
    <ClCompile Include="common\StringParser.cpp">
      <Filter>Common Files</Filter>
    </ClCompile>
    <ClCompile Include="myRTSPClient.cpp">
      <Filter>Source Files</Filter>
    </ClCompile>
    <ClCompile Include="pull-thread.cpp">
      <Filter>Source Files</Filter>
    </ClCompile>
    <ClCompile Include="ReadSPS.cpp">
      <Filter>Source Files</Filter>
    </ClCompile>
    <ClCompile Include="window-dlg-push.cpp">
      <Filter>Source Files</Filter>
    </ClCompile>
    <ClCompile Include="common\md5.cpp">
      <Filter>Common Files</Filter>
    </ClCompile>
    <ClCompile Include="fastdfs\FastSession.cpp">
      <Filter>FastDFS Files</Filter>
    </ClCompile>
    <ClCompile Include="rtp\UDPSendThread.cpp">
      <Filter>rtp Files</Filter>
    </ClCompile>
    <ClCompile Include="rtp\UDPPlayThread.cpp">
      <Filter>rtp Files</Filter>
    </ClCompile>
    <ClCompile Include="rtp\UDPRecvThread.cpp">
      <Filter>rtp Files</Filter>
    </ClCompile>
    <ClCompile Include="window-view-render.cpp">
      <Filter>Source Files</Filter>
    </ClCompile>
    <ClCompile Include="platform-windows.cpp">
      <Filter>Source Files</Filter>
    </ClCompile>
    <ClCompile Include="webrtc-aec.cpp">
      <Filter>Source Files</Filter>
    </ClCompile>
  </ItemGroup>
  <ItemGroup>
    <QtMoc Include="window-login-base.h">
      <Filter>Header Files</Filter>
    </QtMoc>
    <QtMoc Include="window-login-main.h">
      <Filter>Header Files</Filter>
    </QtMoc>
    <QtMoc Include="window-login-title.h">
      <Filter>Header Files</Filter>
    </QtMoc>
    <QtMoc Include="student-app.h">
      <Filter>Header Files</Filter>
    </QtMoc>
    <QtMoc Include="window-student-main.h">
      <Filter>Header Files</Filter>
    </QtMoc>
    <QtMoc Include="qt-display.hpp">
      <Filter>Header Files</Filter>
    </QtMoc>
    <QtMoc Include="window-view-left.hpp">
      <Filter>Header Files</Filter>
    </QtMoc>
    <QtMoc Include="window-view-right.hpp">
      <Filter>Header Files</Filter>
    </QtMoc>
    <QtMoc Include="window-view-camera.hpp">
      <Filter>Header Files</Filter>
    </QtMoc>
    <QtMoc Include="window-view-teacher.hpp">
      <Filter>Header Files</Filter>
    </QtMoc>
    <QtMoc Include="window-dlg-push.hpp">
      <Filter>Header Files</Filter>
    </QtMoc>
    <QtMoc Include="fastdfs\FastSession.h">
      <Filter>FastDFS Files</Filter>
    </QtMoc>
    <QtMoc Include="window-view-render.hpp">
      <Filter>Header Files</Filter>
    </QtMoc>
  </ItemGroup>
  <ItemGroup>
    <QtUic Include="forms\LoginWindow.ui">
      <Filter>Form Files</Filter>
    </QtUic>
    <QtUic Include="forms\StudentWindow.ui">
      <Filter>Form Files</Filter>
    </QtUic>
    <QtUic Include="forms\DlgPush.ui">
      <Filter>Form Files</Filter>
    </QtUic>
  </ItemGroup>
  <ItemGroup>
    <ClInclude Include="qt-wrappers.hpp">
      <Filter>Header Files</Filter>
    </ClInclude>
    <ClInclude Include="resource.h">
      <Filter>Header Files</Filter>
    </ClInclude>
    <ClInclude Include="GeneratedFiles\ui_LoginWindow.h">
      <Filter>Generated Files</Filter>
    </ClInclude>
    <ClInclude Include="GeneratedFiles\ui_StudentWindow.h">
      <Filter>Generated Files</Filter>
    </ClInclude>
    <ClInclude Include="display-helpers.hpp">
      <Filter>Header Files</Filter>
    </ClInclude>
    <ClInclude Include="common\AmfByteStream.h">
      <Filter>Common Files</Filter>
    </ClInclude>
    <ClInclude Include="common\BitWritter.h">
      <Filter>Common Files</Filter>
    </ClInclude>
    <ClInclude Include="common\GMError.h">
      <Filter>Common Files</Filter>
    </ClInclude>
    <ClInclude Include="common\HYDefine.h">
      <Filter>Common Files</Filter>
    </ClInclude>
    <ClInclude Include="common\OSThread.h">
      <Filter>Common Files</Filter>
    </ClInclude>
    <ClInclude Include="common\Socket.h">
      <Filter>Common Files</Filter>
    </ClInclude>
    <ClInclude Include="common\SocketUtils.h">
      <Filter>Common Files</Filter>
    </ClInclude>
    <ClInclude Include="common\StrPtrLen.h">
      <Filter>Common Files</Filter>
    </ClInclude>
    <ClInclude Include="common\UDPSocket.h">
      <Filter>Common Files</Filter>
    </ClInclude>
    <ClInclude Include="web-thread.h">
      <Filter>Header Files</Filter>
    </ClInclude>
    <ClInclude Include="json\autolink.h">
      <Filter>Json Files</Filter>
    </ClInclude>
    <ClInclude Include="json\config.h">
      <Filter>Json Files</Filter>
    </ClInclude>
    <ClInclude Include="json\features.h">
      <Filter>Json Files</Filter>
    </ClInclude>
    <ClInclude Include="json\forwards.h">
      <Filter>Json Files</Filter>
    </ClInclude>
    <ClInclude Include="json\json.h">
      <Filter>Json Files</Filter>
    </ClInclude>
    <ClInclude Include="json\reader.h">
      <Filter>Json Files</Filter>
    </ClInclude>
    <ClInclude Include="json\value.h">
      <Filter>Json Files</Filter>
    </ClInclude>
    <ClInclude Include="json\writer.h">
      <Filter>Json Files</Filter>
    </ClInclude>
    <ClInclude Include="common\StringParser.h">
      <Filter>Common Files</Filter>
    </ClInclude>
    <ClInclude Include="common\HYVersion.h">
      <Filter>Common Files</Filter>
    </ClInclude>
    <ClInclude Include="curl\curl.h">
      <Filter>Curl Files</Filter>
    </ClInclude>
    <ClInclude Include="curl\curlbuild.h">
      <Filter>Curl Files</Filter>
    </ClInclude>
    <ClInclude Include="curl\curlrules.h">
      <Filter>Curl Files</Filter>
    </ClInclude>
    <ClInclude Include="curl\curlver.h">
      <Filter>Curl Files</Filter>
    </ClInclude>
    <ClInclude Include="curl\easy.h">
      <Filter>Curl Files</Filter>
    </ClInclude>
    <ClInclude Include="curl\mprintf.h">
      <Filter>Curl Files</Filter>
    </ClInclude>
    <ClInclude Include="curl\multi.h">
      <Filter>Curl Files</Filter>
    </ClInclude>
    <ClInclude Include="curl\stdcheaders.h">
      <Filter>Curl Files</Filter>
    </ClInclude>
    <ClInclude Include="myRTSPClient.h">
      <Filter>Header Files</Filter>
    </ClInclude>
    <ClInclude Include="pull-thread.h">
      <Filter>Header Files</Filter>
    </ClInclude>
    <ClInclude Include="ReadSPS.h">
      <Filter>Header Files</Filter>
    </ClInclude>
    <ClInclude Include="GeneratedFiles\ui_DlgPush.h">
      <Filter>Generated Files</Filter>
    </ClInclude>
    <ClInclude Include="common\md5.h">
      <Filter>Common Files</Filter>
    </ClInclude>
    <ClInclude Include="fastdfs\fastdfs.h">
      <Filter>FastDFS Files</Filter>
    </ClInclude>
    <ClInclude Include="rtp\rtp.h">
      <Filter>rtp Files</Filter>
    </ClInclude>
    <ClInclude Include="rtp\UDPSendThread.h">
      <Filter>rtp Files</Filter>
    </ClInclude>
    <ClInclude Include="rtp\UDPPlayThread.h">
      <Filter>rtp Files</Filter>
    </ClInclude>
    <ClInclude Include="rtp\UDPRecvThread.h">
      <Filter>rtp Files</Filter>
    </ClInclude>
    <ClInclude Include="platform.hpp">
      <Filter>Header Files</Filter>
    </ClInclude>
    <ClInclude Include="webrtc-aec.h">
      <Filter>Header Files</Filter>
    </ClInclude>
  </ItemGroup>
  <ItemGroup>
    <Image Include="forms\images\student.png">
      <Filter>Resource Files</Filter>
    </Image>
    <Image Include="forms\images\login\back.jpg">
      <Filter>Resource Files</Filter>
    </Image>
    <Image Include="forms\images\login\min.png">
      <Filter>Resource Files</Filter>
    </Image>
    <Image Include="forms\images\login\close.png">
      <Filter>Resource Files</Filter>
    </Image>
    <Image Include="forms\images\login\arrowback.png">
      <Filter>Resource Files</Filter>
    </Image>
    <Image Include="forms\images\login\deleteAccount.png">
      <Filter>Resource Files</Filter>
    </Image>
    <Image Include="forms\images\login\drop_down_Button.png">
      <Filter>Resource Files</Filter>
    </Image>
    <Image Include="HaoYi.ico">
      <Filter>Resource Files</Filter>
    </Image>
  </ItemGroup>
  <ItemGroup>
    <None Include="forms\css\MyTitle.css">
      <Filter>Resource Files</Filter>
    </None>
    <None Include="forms\css\LoginWindow.css">
      <Filter>Resource Files</Filter>
    </None>
  </ItemGroup>
  <ItemGroup>
    <QtRcc Include="forms\Student.qrc">
      <Filter>Resource Files</Filter>
    </QtRcc>
  </ItemGroup>
  <ItemGroup>
    <ResourceCompile Include="Student.rc">
      <Filter>Resource Files</Filter>
    </ResourceCompile>
  </ItemGroup>
</Project>