<?xml version="1.0" encoding="utf-8"?>
<Project ToolsVersion="14.0" xmlns="http://schemas.microsoft.com/developer/msbuild/2003">
  <ItemGroup>
    <ClCompile Include="E:\obs-studio\plugins\obs-browser\obs-browser-source.cpp">
      <Filter>Source Files</Filter>
    </ClCompile>
    <ClCompile Include="E:\obs-studio\plugins\obs-browser\obs-browser-plugin.cpp">
      <Filter>Source Files</Filter>
    </ClCompile>
    <ClCompile Include="E:\obs-studio\plugins\obs-browser\browser-scheme.cpp">
      <Filter>Source Files</Filter>
    </ClCompile>
    <ClCompile Include="E:\obs-studio\plugins\obs-browser\browser-client.cpp">
      <Filter>Source Files</Filter>
    </ClCompile>
    <ClCompile Include="E:\obs-studio\plugins\obs-browser\browser-app.cpp">
      <Filter>Source Files</Filter>
    </ClCompile>
    <ClCompile Include="E:\obs-studio\plugins\obs-browser\deps\json11\json11.cpp">
      <Filter>Source Files</Filter>
    </ClCompile>
    <ClCompile Include="E:\obs-studio\plugins\obs-browser\deps\base64\base64.cpp">
      <Filter>Source Files</Filter>
    </ClCompile>
    <ClCompile Include="E:\obs-studio\plugins\obs-browser\deps\wide-string.cpp">
      <Filter>Source Files</Filter>
    </ClCompile>
  </ItemGroup>
  <ItemGroup>
    <ClInclude Include="E:\obs-studio\plugins\obs-browser\obs-browser-source.hpp">
      <Filter>Header Files</Filter>
    </ClInclude>
    <ClInclude Include="E:\obs-studio\plugins\obs-browser\browser-scheme.hpp">
      <Filter>Header Files</Filter>
    </ClInclude>
    <ClInclude Include="E:\obs-studio\plugins\obs-browser\browser-client.hpp">
      <Filter>Header Files</Filter>
    </ClInclude>
    <ClInclude Include="E:\obs-studio\plugins\obs-browser\browser-app.hpp">
      <Filter>Header Files</Filter>
    </ClInclude>
    <ClInclude Include="E:\obs-studio\plugins\obs-browser\browser-version.h">
      <Filter>Header Files</Filter>
    </ClInclude>
    <ClInclude Include="E:\obs-studio\plugins\obs-browser\deps\json11\json11.hpp">
      <Filter>Header Files</Filter>
    </ClInclude>
    <ClInclude Include="E:\obs-studio\plugins\obs-browser\deps\base64\base64.hpp">
      <Filter>Header Files</Filter>
    </ClInclude>
    <ClInclude Include="E:\obs-studio\plugins\obs-browser\deps\wide-string.hpp">
      <Filter>Header Files</Filter>
    </ClInclude>
    <ClInclude Include="E:\obs-studio\plugins\obs-browser\cef-headers.hpp">
      <Filter>Header Files</Filter>
    </ClInclude>
  </ItemGroup>
  <ItemGroup>
    <CustomBuild Include="E:\obs-studio\plugins\obs-browser\CMakeLists.txt" />
  </ItemGroup>
  <ItemGroup>
    <Filter Include="Header Files">
      <UniqueIdentifier>{CA471FB6-8E8E-3AC0-857D-820A17064B53}</UniqueIdentifier>
    </Filter>
    <Filter Include="Source Files">
      <UniqueIdentifier>{159B4A8F-4217-3B92-B69B-2E6C3E87AA89}</UniqueIdentifier>
    </Filter>
  </ItemGroup>
</Project>
