Microsoft Visual Studio Solution File, Format Version 12.00
# Visual Studio 14
VisualStudioVersion = 14.0.25420.1
MinimumVisualStudioVersion = 10.0.40219.1
Project("{8BC9CEB8-8B4A-11D0-8D11-00A0C91BC942}") = "ALL_BUILD", "ALL_BUILD.vcxproj", "{711D1003-F3D9-3D46-A7F2-342EAEB73EF8}"
	ProjectSection(ProjectDependencies) = postProject
		{BA947A84-0290-3579-9863-BA9A70F590C1} = {BA947A84-0290-3579-9863-BA9A70F590C1}
		{6559C841-418B-3BB7-8471-73437C6FCBF7} = {6559C841-418B-3BB7-8471-73437C6FCBF7}
		{429B001A-85D3-354E-90E6-3E04D0D6AF0C} = {429B001A-85D3-354E-90E6-3E04D0D6AF0C}
		{8368BA40-256E-335D-BCA7-B7410A131FBE} = {8368BA40-256E-335D-BCA7-B7410A131FBE}
		{552C7509-3CA2-3ECE-A47D-CA630C1746F4} = {552C7509-3CA2-3ECE-A47D-CA630C1746F4}
		{5F22C833-62A9-3AF1-B90E-86BE159FAADD} = {5F22C833-62A9-3AF1-B90E-86BE159FAADD}
		{1C5E6E04-1FAA-39C4-954C-338D8FB0EAD1} = {1C5E6E04-1FAA-39C4-954C-338D8FB0EAD1}
		{81B155FA-0A88-3B26-BDE4-61048DE22BFF} = {81B155FA-0A88-3B26-BDE4-61048DE22BFF}
		{53634318-264E-34F5-93F2-FAAC5711F94C} = {53634318-264E-34F5-93F2-FAAC5711F94C}
		{A6D3D7F0-02D2-3323-867A-02ACAD96EBCA} = {A6D3D7F0-02D2-3323-867A-02ACAD96EBCA}
		{09367B3B-D474-3FA9-82F6-05CB698100C4} = {09367B3B-D474-3FA9-82F6-05CB698100C4}
		{7FCA7B95-177C-3A09-B599-DAF8E89FD423} = {7FCA7B95-177C-3A09-B599-DAF8E89FD423}
		{2C7080A7-DB30-3079-A38E-9114612CABFD} = {2C7080A7-DB30-3079-A38E-9114612CABFD}
		{FFD76A14-AEE4-357C-869A-1E80B7A577CB} = {FFD76A14-AEE4-357C-869A-1E80B7A577CB}
		{5B86D77B-B55E-381E-AD01-3D8DD6F08E54} = {5B86D77B-B55E-381E-AD01-3D8DD6F08E54}
		{591B75D6-FD27-3F12-B017-8BA1A1D4BDDB} = {591B75D6-FD27-3F12-B017-8BA1A1D4BDDB}
		{60377ADC-B25B-3F46-A15C-0B2AA0D66005} = {60377ADC-B25B-3F46-A15C-0B2AA0D66005}
		{4758D9EE-4430-3FA0-A4F5-75BC0E323525} = {4758D9EE-4430-3FA0-A4F5-75BC0E323525}
		{C6207067-D275-3D37-8CD5-BC7A08B3525C} = {C6207067-D275-3D37-8CD5-BC7A08B3525C}
		{10DE08C0-A9F3-36BE-A768-E72BBD99B31F} = {10DE08C0-A9F3-36BE-A768-E72BBD99B31F}
		{5A83D8DE-8CC2-3737-9652-16E242754340} = {5A83D8DE-8CC2-3737-9652-16E242754340}
		{509641F7-C9FD-3B7B-9ABC-DCF3A9690709} = {509641F7-C9FD-3B7B-9ABC-DCF3A9690709}
		{8A9B81B9-E986-38D8-BF27-9D6025C438A1} = {8A9B81B9-E986-38D8-BF27-9D6025C438A1}
		{0371500E-0E87-322A-AC04-11CB7D7911F8} = {0371500E-0E87-322A-AC04-11CB7D7911F8}
		{29540155-7594-380F-8C6F-1941C337A471} = {29540155-7594-380F-8C6F-1941C337A471}
		{F996BCCC-A1C3-3931-A250-4F7A84D1E035} = {F996BCCC-A1C3-3931-A250-4F7A84D1E035}
		{23A82ABF-6AED-3531-8B7D-B6C1DF1BB7F6} = {23A82ABF-6AED-3531-8B7D-B6C1DF1BB7F6}
		{EBF04E19-B4EC-357D-83D4-8CE30F49279D} = {EBF04E19-B4EC-357D-83D4-8CE30F49279D}
		{65966832-2F02-3895-9AEE-EC3CB18639D3} = {65966832-2F02-3895-9AEE-EC3CB18639D3}
		{F0673D42-0362-3741-8D65-8764B4948E1F} = {F0673D42-0362-3741-8D65-8764B4948E1F}
		{FE3184C5-7651-383C-884C-0B89CDE5A597} = {FE3184C5-7651-383C-884C-0B89CDE5A597}
		{AACEBDB6-F9EC-3DFF-9667-018120206707} = {AACEBDB6-F9EC-3DFF-9667-018120206707}
		{86E20EFA-56BF-3198-9491-C0F6215E5561} = {86E20EFA-56BF-3198-9491-C0F6215E5561}
		{C3AAAEE6-0AC9-3A14-A8FF-098E5F8F90AA} = {C3AAAEE6-0AC9-3A14-A8FF-098E5F8F90AA}
		{E61B0A13-41BB-39C6-804F-2D287AF49B3D} = {E61B0A13-41BB-39C6-804F-2D287AF49B3D}
	EndProjectSection
EndProject
Project("{8BC9CEB8-8B4A-11D0-8D11-00A0C91BC942}") = "INSTALL", "INSTALL.vcxproj", "{AAFF54F7-7D94-3415-88D3-73FCF7B74AF9}"
	ProjectSection(ProjectDependencies) = postProject
		{711D1003-F3D9-3D46-A7F2-342EAEB73EF8} = {711D1003-F3D9-3D46-A7F2-342EAEB73EF8}
		{BA947A84-0290-3579-9863-BA9A70F590C1} = {BA947A84-0290-3579-9863-BA9A70F590C1}
	EndProjectSection
EndProject
Project("{8BC9CEB8-8B4A-11D0-8D11-00A0C91BC942}") = "PACKAGE", "PACKAGE.vcxproj", "{D1A22911-048D-3BB1-B683-5C9252B142F7}"
	ProjectSection(ProjectDependencies) = postProject
		{711D1003-F3D9-3D46-A7F2-342EAEB73EF8} = {711D1003-F3D9-3D46-A7F2-342EAEB73EF8}
		{BA947A84-0290-3579-9863-BA9A70F590C1} = {BA947A84-0290-3579-9863-BA9A70F590C1}
	EndProjectSection
EndProject
Project("{8BC9CEB8-8B4A-11D0-8D11-00A0C91BC942}") = "ZERO_CHECK", "ZERO_CHECK.vcxproj", "{BA947A84-0290-3579-9863-BA9A70F590C1}"
EndProject
Project("{8BC9CEB8-8B4A-11D0-8D11-00A0C91BC942}") = "_obspython", "deps\obs-scripting\obspython\_obspython.vcxproj", "{6559C841-418B-3BB7-8471-73437C6FCBF7}"
	ProjectSection(ProjectDependencies) = postProject
		{BA947A84-0290-3579-9863-BA9A70F590C1} = {BA947A84-0290-3579-9863-BA9A70F590C1}
		{FFD76A14-AEE4-357C-869A-1E80B7A577CB} = {FFD76A14-AEE4-357C-869A-1E80B7A577CB}
		{509641F7-C9FD-3B7B-9ABC-DCF3A9690709} = {509641F7-C9FD-3B7B-9ABC-DCF3A9690709}
		{29540155-7594-380F-8C6F-1941C337A471} = {29540155-7594-380F-8C6F-1941C337A471}
		{F0673D42-0362-3741-8D65-8764B4948E1F} = {F0673D42-0362-3741-8D65-8764B4948E1F}
	EndProjectSection
EndProject
Project("{8BC9CEB8-8B4A-11D0-8D11-00A0C91BC942}") = "blake2", "deps\blake2\blake2.vcxproj", "{429B001A-85D3-354E-90E6-3E04D0D6AF0C}"
	ProjectSection(ProjectDependencies) = postProject
		{BA947A84-0290-3579-9863-BA9A70F590C1} = {BA947A84-0290-3579-9863-BA9A70F590C1}
	EndProjectSection
EndProject
Project("{8BC9CEB8-8B4A-11D0-8D11-00A0C91BC942}") = "coreaudio-encoder", "plugins\coreaudio-encoder\coreaudio-encoder.vcxproj", "{8368BA40-256E-335D-BCA7-B7410A131FBE}"
	ProjectSection(ProjectDependencies) = postProject
		{BA947A84-0290-3579-9863-BA9A70F590C1} = {BA947A84-0290-3579-9863-BA9A70F590C1}
		{FFD76A14-AEE4-357C-869A-1E80B7A577CB} = {FFD76A14-AEE4-357C-869A-1E80B7A577CB}
	EndProjectSection
EndProject
Project("{8BC9CEB8-8B4A-11D0-8D11-00A0C91BC942}") = "ffmpeg-mux", "plugins\obs-ffmpeg\ffmpeg-mux\ffmpeg-mux.vcxproj", "{552C7509-3CA2-3ECE-A47D-CA630C1746F4}"
	ProjectSection(ProjectDependencies) = postProject
		{BA947A84-0290-3579-9863-BA9A70F590C1} = {BA947A84-0290-3579-9863-BA9A70F590C1}
	EndProjectSection
EndProject
Project("{8BC9CEB8-8B4A-11D0-8D11-00A0C91BC942}") = "file-updater", "deps\file-updater\file-updater.vcxproj", "{5F22C833-62A9-3AF1-B90E-86BE159FAADD}"
	ProjectSection(ProjectDependencies) = postProject
		{BA947A84-0290-3579-9863-BA9A70F590C1} = {BA947A84-0290-3579-9863-BA9A70F590C1}
		{FFD76A14-AEE4-357C-869A-1E80B7A577CB} = {FFD76A14-AEE4-357C-869A-1E80B7A577CB}
		{F0673D42-0362-3741-8D65-8764B4948E1F} = {F0673D42-0362-3741-8D65-8764B4948E1F}
	EndProjectSection
EndProject
Project("{8BC9CEB8-8B4A-11D0-8D11-00A0C91BC942}") = "frontend-tools", "UI\frontend-plugins\frontend-tools\frontend-tools.vcxproj", "{1C5E6E04-1FAA-39C4-954C-338D8FB0EAD1}"
	ProjectSection(ProjectDependencies) = postProject
		{BA947A84-0290-3579-9863-BA9A70F590C1} = {BA947A84-0290-3579-9863-BA9A70F590C1}
		{FFD76A14-AEE4-357C-869A-1E80B7A577CB} = {FFD76A14-AEE4-357C-869A-1E80B7A577CB}
		{509641F7-C9FD-3B7B-9ABC-DCF3A9690709} = {509641F7-C9FD-3B7B-9ABC-DCF3A9690709}
		{29540155-7594-380F-8C6F-1941C337A471} = {29540155-7594-380F-8C6F-1941C337A471}
		{F0673D42-0362-3741-8D65-8764B4948E1F} = {F0673D42-0362-3741-8D65-8764B4948E1F}
	EndProjectSection
EndProject
Project("{8BC9CEB8-8B4A-11D0-8D11-00A0C91BC942}") = "get-graphics-offsets", "plugins\win-capture\get-graphics-offsets\get-graphics-offsets.vcxproj", "{81B155FA-0A88-3B26-BDE4-61048DE22BFF}"
	ProjectSection(ProjectDependencies) = postProject
		{BA947A84-0290-3579-9863-BA9A70F590C1} = {BA947A84-0290-3579-9863-BA9A70F590C1}
	EndProjectSection
EndProject
Project("{8BC9CEB8-8B4A-11D0-8D11-00A0C91BC942}") = "glad", "deps\glad\glad.vcxproj", "{53634318-264E-34F5-93F2-FAAC5711F94C}"
	ProjectSection(ProjectDependencies) = postProject
		{BA947A84-0290-3579-9863-BA9A70F590C1} = {BA947A84-0290-3579-9863-BA9A70F590C1}
	EndProjectSection
EndProject
Project("{8BC9CEB8-8B4A-11D0-8D11-00A0C91BC942}") = "graphics-hook", "plugins\win-capture\graphics-hook\graphics-hook.vcxproj", "{A6D3D7F0-02D2-3323-867A-02ACAD96EBCA}"
	ProjectSection(ProjectDependencies) = postProject
		{BA947A84-0290-3579-9863-BA9A70F590C1} = {BA947A84-0290-3579-9863-BA9A70F590C1}
		{7FCA7B95-177C-3A09-B599-DAF8E89FD423} = {7FCA7B95-177C-3A09-B599-DAF8E89FD423}
	EndProjectSection
EndProject
Project("{8BC9CEB8-8B4A-11D0-8D11-00A0C91BC942}") = "inject-helper", "plugins\win-capture\inject-helper\inject-helper.vcxproj", "{09367B3B-D474-3FA9-82F6-05CB698100C4}"
	ProjectSection(ProjectDependencies) = postProject
		{BA947A84-0290-3579-9863-BA9A70F590C1} = {BA947A84-0290-3579-9863-BA9A70F590C1}
	EndProjectSection
EndProject
Project("{8BC9CEB8-8B4A-11D0-8D11-00A0C91BC942}") = "ipc-util", "deps\ipc-util\ipc-util.vcxproj", "{7FCA7B95-177C-3A09-B599-DAF8E89FD423}"
	ProjectSection(ProjectDependencies) = postProject
		{BA947A84-0290-3579-9863-BA9A70F590C1} = {BA947A84-0290-3579-9863-BA9A70F590C1}
	EndProjectSection
EndProject
Project("{8BC9CEB8-8B4A-11D0-8D11-00A0C91BC942}") = "jansson", "deps\jansson\jansson.vcxproj", "{2C7080A7-DB30-3079-A38E-9114612CABFD}"
	ProjectSection(ProjectDependencies) = postProject
		{BA947A84-0290-3579-9863-BA9A70F590C1} = {BA947A84-0290-3579-9863-BA9A70F590C1}
	EndProjectSection
EndProject
Project("{8BC9CEB8-8B4A-11D0-8D11-00A0C91BC942}") = "libobs", "libobs\libobs.vcxproj", "{FFD76A14-AEE4-357C-869A-1E80B7A577CB}"
	ProjectSection(ProjectDependencies) = postProject
		{BA947A84-0290-3579-9863-BA9A70F590C1} = {BA947A84-0290-3579-9863-BA9A70F590C1}
		{2C7080A7-DB30-3079-A38E-9114612CABFD} = {2C7080A7-DB30-3079-A38E-9114612CABFD}
		{F0673D42-0362-3741-8D65-8764B4948E1F} = {F0673D42-0362-3741-8D65-8764B4948E1F}
	EndProjectSection
EndProject
Project("{8BC9CEB8-8B4A-11D0-8D11-00A0C91BC942}") = "libobs-d3d11", "libobs-d3d11\libobs-d3d11.vcxproj", "{5B86D77B-B55E-381E-AD01-3D8DD6F08E54}"
	ProjectSection(ProjectDependencies) = postProject
		{BA947A84-0290-3579-9863-BA9A70F590C1} = {BA947A84-0290-3579-9863-BA9A70F590C1}
		{FFD76A14-AEE4-357C-869A-1E80B7A577CB} = {FFD76A14-AEE4-357C-869A-1E80B7A577CB}
	EndProjectSection
EndProject
Project("{8BC9CEB8-8B4A-11D0-8D11-00A0C91BC942}") = "libobs-opengl", "libobs-opengl\libobs-opengl.vcxproj", "{591B75D6-FD27-3F12-B017-8BA1A1D4BDDB}"
	ProjectSection(ProjectDependencies) = postProject
		{BA947A84-0290-3579-9863-BA9A70F590C1} = {BA947A84-0290-3579-9863-BA9A70F590C1}
		{53634318-264E-34F5-93F2-FAAC5711F94C} = {53634318-264E-34F5-93F2-FAAC5711F94C}
		{FFD76A14-AEE4-357C-869A-1E80B7A577CB} = {FFD76A14-AEE4-357C-869A-1E80B7A577CB}
	EndProjectSection
EndProject
Project("{8BC9CEB8-8B4A-11D0-8D11-00A0C91BC942}") = "lzma", "deps\lzma\lzma.vcxproj", "{60377ADC-B25B-3F46-A15C-0B2AA0D66005}"
	ProjectSection(ProjectDependencies) = postProject
		{BA947A84-0290-3579-9863-BA9A70F590C1} = {BA947A84-0290-3579-9863-BA9A70F590C1}
	EndProjectSection
EndProject
Project("{8BC9CEB8-8B4A-11D0-8D11-00A0C91BC942}") = "media-playback", "deps\media-playback\media-playback.vcxproj", "{4758D9EE-4430-3FA0-A4F5-75BC0E323525}"
	ProjectSection(ProjectDependencies) = postProject
		{BA947A84-0290-3579-9863-BA9A70F590C1} = {BA947A84-0290-3579-9863-BA9A70F590C1}
	EndProjectSection
EndProject
Project("{8BC9CEB8-8B4A-11D0-8D11-00A0C91BC942}") = "obs", "UI\obs.vcxproj", "{C6207067-D275-3D37-8CD5-BC7A08B3525C}"
	ProjectSection(ProjectDependencies) = postProject
		{BA947A84-0290-3579-9863-BA9A70F590C1} = {BA947A84-0290-3579-9863-BA9A70F590C1}
		{429B001A-85D3-354E-90E6-3E04D0D6AF0C} = {429B001A-85D3-354E-90E6-3E04D0D6AF0C}
		{2C7080A7-DB30-3079-A38E-9114612CABFD} = {2C7080A7-DB30-3079-A38E-9114612CABFD}
		{FFD76A14-AEE4-357C-869A-1E80B7A577CB} = {FFD76A14-AEE4-357C-869A-1E80B7A577CB}
		{509641F7-C9FD-3B7B-9ABC-DCF3A9690709} = {509641F7-C9FD-3B7B-9ABC-DCF3A9690709}
	EndProjectSection
EndProject
Project("{8BC9CEB8-8B4A-11D0-8D11-00A0C91BC942}") = "obs-ffmpeg", "plugins\obs-ffmpeg\obs-ffmpeg.vcxproj", "{10DE08C0-A9F3-36BE-A768-E72BBD99B31F}"
	ProjectSection(ProjectDependencies) = postProject
		{BA947A84-0290-3579-9863-BA9A70F590C1} = {BA947A84-0290-3579-9863-BA9A70F590C1}
		{FFD76A14-AEE4-357C-869A-1E80B7A577CB} = {FFD76A14-AEE4-357C-869A-1E80B7A577CB}
		{4758D9EE-4430-3FA0-A4F5-75BC0E323525} = {4758D9EE-4430-3FA0-A4F5-75BC0E323525}
		{F0673D42-0362-3741-8D65-8764B4948E1F} = {F0673D42-0362-3741-8D65-8764B4948E1F}
	EndProjectSection
EndProject
Project("{8BC9CEB8-8B4A-11D0-8D11-00A0C91BC942}") = "obs-filters", "plugins\obs-filters\obs-filters.vcxproj", "{5A83D8DE-8CC2-3737-9652-16E242754340}"
	ProjectSection(ProjectDependencies) = postProject
		{BA947A84-0290-3579-9863-BA9A70F590C1} = {BA947A84-0290-3579-9863-BA9A70F590C1}
		{FFD76A14-AEE4-357C-869A-1E80B7A577CB} = {FFD76A14-AEE4-357C-869A-1E80B7A577CB}
		{F0673D42-0362-3741-8D65-8764B4948E1F} = {F0673D42-0362-3741-8D65-8764B4948E1F}
	EndProjectSection
EndProject
Project("{8BC9CEB8-8B4A-11D0-8D11-00A0C91BC942}") = "obs-frontend-api", "UI\obs-frontend-api\obs-frontend-api.vcxproj", "{509641F7-C9FD-3B7B-9ABC-DCF3A9690709}"
	ProjectSection(ProjectDependencies) = postProject
		{BA947A84-0290-3579-9863-BA9A70F590C1} = {BA947A84-0290-3579-9863-BA9A70F590C1}
		{FFD76A14-AEE4-357C-869A-1E80B7A577CB} = {FFD76A14-AEE4-357C-869A-1E80B7A577CB}
	EndProjectSection
EndProject
Project("{8BC9CEB8-8B4A-11D0-8D11-00A0C91BC942}") = "obs-outputs", "plugins\obs-outputs\obs-outputs.vcxproj", "{8A9B81B9-E986-38D8-BF27-9D6025C438A1}"
	ProjectSection(ProjectDependencies) = postProject
		{BA947A84-0290-3579-9863-BA9A70F590C1} = {BA947A84-0290-3579-9863-BA9A70F590C1}
		{FFD76A14-AEE4-357C-869A-1E80B7A577CB} = {FFD76A14-AEE4-357C-869A-1E80B7A577CB}
		{F0673D42-0362-3741-8D65-8764B4948E1F} = {F0673D42-0362-3741-8D65-8764B4948E1F}
	EndProjectSection
EndProject
Project("{8BC9CEB8-8B4A-11D0-8D11-00A0C91BC942}") = "obs-qsv11", "plugins\obs-qsv11\obs-qsv11.vcxproj", "{0371500E-0E87-322A-AC04-11CB7D7911F8}"
	ProjectSection(ProjectDependencies) = postProject
		{BA947A84-0290-3579-9863-BA9A70F590C1} = {BA947A84-0290-3579-9863-BA9A70F590C1}
		{FFD76A14-AEE4-357C-869A-1E80B7A577CB} = {FFD76A14-AEE4-357C-869A-1E80B7A577CB}
	EndProjectSection
EndProject
Project("{8BC9CEB8-8B4A-11D0-8D11-00A0C91BC942}") = "obs-scripting", "deps\obs-scripting\obs-scripting.vcxproj", "{29540155-7594-380F-8C6F-1941C337A471}"
	ProjectSection(ProjectDependencies) = postProject
		{BA947A84-0290-3579-9863-BA9A70F590C1} = {BA947A84-0290-3579-9863-BA9A70F590C1}
		{FFD76A14-AEE4-357C-869A-1E80B7A577CB} = {FFD76A14-AEE4-357C-869A-1E80B7A577CB}
		{509641F7-C9FD-3B7B-9ABC-DCF3A9690709} = {509641F7-C9FD-3B7B-9ABC-DCF3A9690709}
		{F0673D42-0362-3741-8D65-8764B4948E1F} = {F0673D42-0362-3741-8D65-8764B4948E1F}
	EndProjectSection
EndProject
Project("{8BC9CEB8-8B4A-11D0-8D11-00A0C91BC942}") = "obs-transitions", "plugins\obs-transitions\obs-transitions.vcxproj", "{F996BCCC-A1C3-3931-A250-4F7A84D1E035}"
	ProjectSection(ProjectDependencies) = postProject
		{BA947A84-0290-3579-9863-BA9A70F590C1} = {BA947A84-0290-3579-9863-BA9A70F590C1}
		{FFD76A14-AEE4-357C-869A-1E80B7A577CB} = {FFD76A14-AEE4-357C-869A-1E80B7A577CB}
	EndProjectSection
EndProject
Project("{8BC9CEB8-8B4A-11D0-8D11-00A0C91BC942}") = "obs-x264", "plugins\obs-x264\obs-x264.vcxproj", "{23A82ABF-6AED-3531-8B7D-B6C1DF1BB7F6}"
	ProjectSection(ProjectDependencies) = postProject
		{BA947A84-0290-3579-9863-BA9A70F590C1} = {BA947A84-0290-3579-9863-BA9A70F590C1}
		{FFD76A14-AEE4-357C-869A-1E80B7A577CB} = {FFD76A14-AEE4-357C-869A-1E80B7A577CB}
	EndProjectSection
EndProject
Project("{8BC9CEB8-8B4A-11D0-8D11-00A0C91BC942}") = "obslua", "deps\obs-scripting\obslua\obslua.vcxproj", "{EBF04E19-B4EC-357D-83D4-8CE30F49279D}"
	ProjectSection(ProjectDependencies) = postProject
		{BA947A84-0290-3579-9863-BA9A70F590C1} = {BA947A84-0290-3579-9863-BA9A70F590C1}
		{FFD76A14-AEE4-357C-869A-1E80B7A577CB} = {FFD76A14-AEE4-357C-869A-1E80B7A577CB}
		{509641F7-C9FD-3B7B-9ABC-DCF3A9690709} = {509641F7-C9FD-3B7B-9ABC-DCF3A9690709}
		{29540155-7594-380F-8C6F-1941C337A471} = {29540155-7594-380F-8C6F-1941C337A471}
		{F0673D42-0362-3741-8D65-8764B4948E1F} = {F0673D42-0362-3741-8D65-8764B4948E1F}
	EndProjectSection
EndProject
Project("{8BC9CEB8-8B4A-11D0-8D11-00A0C91BC942}") = "rtmp-services", "plugins\rtmp-services\rtmp-services.vcxproj", "{65966832-2F02-3895-9AEE-EC3CB18639D3}"
	ProjectSection(ProjectDependencies) = postProject
		{BA947A84-0290-3579-9863-BA9A70F590C1} = {BA947A84-0290-3579-9863-BA9A70F590C1}
		{5F22C833-62A9-3AF1-B90E-86BE159FAADD} = {5F22C833-62A9-3AF1-B90E-86BE159FAADD}
		{2C7080A7-DB30-3079-A38E-9114612CABFD} = {2C7080A7-DB30-3079-A38E-9114612CABFD}
		{FFD76A14-AEE4-357C-869A-1E80B7A577CB} = {FFD76A14-AEE4-357C-869A-1E80B7A577CB}
		{F0673D42-0362-3741-8D65-8764B4948E1F} = {F0673D42-0362-3741-8D65-8764B4948E1F}
	EndProjectSection
EndProject
Project("{8BC9CEB8-8B4A-11D0-8D11-00A0C91BC942}") = "w32-pthreads", "deps\w32-pthreads\w32-pthreads.vcxproj", "{F0673D42-0362-3741-8D65-8764B4948E1F}"
	ProjectSection(ProjectDependencies) = postProject
		{BA947A84-0290-3579-9863-BA9A70F590C1} = {BA947A84-0290-3579-9863-BA9A70F590C1}
	EndProjectSection
EndProject
Project("{8BC9CEB8-8B4A-11D0-8D11-00A0C91BC942}") = "win-capture", "plugins\win-capture\win-capture.vcxproj", "{FE3184C5-7651-383C-884C-0B89CDE5A597}"
	ProjectSection(ProjectDependencies) = postProject
		{BA947A84-0290-3579-9863-BA9A70F590C1} = {BA947A84-0290-3579-9863-BA9A70F590C1}
		{7FCA7B95-177C-3A09-B599-DAF8E89FD423} = {7FCA7B95-177C-3A09-B599-DAF8E89FD423}
		{FFD76A14-AEE4-357C-869A-1E80B7A577CB} = {FFD76A14-AEE4-357C-869A-1E80B7A577CB}
	EndProjectSection
EndProject
Project("{8BC9CEB8-8B4A-11D0-8D11-00A0C91BC942}") = "win-decklink", "plugins\decklink\win\win-decklink.vcxproj", "{AACEBDB6-F9EC-3DFF-9667-018120206707}"
	ProjectSection(ProjectDependencies) = postProject
		{BA947A84-0290-3579-9863-BA9A70F590C1} = {BA947A84-0290-3579-9863-BA9A70F590C1}
		{FFD76A14-AEE4-357C-869A-1E80B7A577CB} = {FFD76A14-AEE4-357C-869A-1E80B7A577CB}
	EndProjectSection
EndProject
Project("{8BC9CEB8-8B4A-11D0-8D11-00A0C91BC942}") = "win-mf", "plugins\win-mf\win-mf.vcxproj", "{86E20EFA-56BF-3198-9491-C0F6215E5561}"
	ProjectSection(ProjectDependencies) = postProject
		{BA947A84-0290-3579-9863-BA9A70F590C1} = {BA947A84-0290-3579-9863-BA9A70F590C1}
		{FFD76A14-AEE4-357C-869A-1E80B7A577CB} = {FFD76A14-AEE4-357C-869A-1E80B7A577CB}
	EndProjectSection
EndProject
Project("{8BC9CEB8-8B4A-11D0-8D11-00A0C91BC942}") = "win-test", "test\win\win-test.vcxproj", "{C3AAAEE6-0AC9-3A14-A8FF-098E5F8F90AA}"
	ProjectSection(ProjectDependencies) = postProject
		{BA947A84-0290-3579-9863-BA9A70F590C1} = {BA947A84-0290-3579-9863-BA9A70F590C1}
		{FFD76A14-AEE4-357C-869A-1E80B7A577CB} = {FFD76A14-AEE4-357C-869A-1E80B7A577CB}
	EndProjectSection
EndProject
Project("{8BC9CEB8-8B4A-11D0-8D11-00A0C91BC942}") = "win-wasapi", "plugins\win-wasapi\win-wasapi.vcxproj", "{E61B0A13-41BB-39C6-804F-2D287AF49B3D}"
	ProjectSection(ProjectDependencies) = postProject
		{BA947A84-0290-3579-9863-BA9A70F590C1} = {BA947A84-0290-3579-9863-BA9A70F590C1}
		{FFD76A14-AEE4-357C-869A-1E80B7A577CB} = {FFD76A14-AEE4-357C-869A-1E80B7A577CB}
	EndProjectSection
EndProject
Project("{8BC9CEB8-8B4A-11D0-8D11-00A0C91BC942}") = "Teacher", "..\Teacher\Teacher.vcxproj", "{B12702AD-ABFB-343A-A199-8E24837244A3}"
EndProject
Project("{8BC9CEB8-8B4A-11D0-8D11-00A0C91BC942}") = "win-dshow", "plugins\win-dshow\win-dshow.vcxproj", "{F760BB77-EF3D-3CA9-BB1C-08791F29BF43}"
EndProject
Project("{8BC9CEB8-8B4A-11D0-8D11-00A0C91BC942}") = "win-rtp", "plugins\win-rtp\win-rtp.vcxproj", "{A6CE7CA6-B97C-4BF6-A59A-BF1F8682F898}"
EndProject
Global
	GlobalSection(SolutionConfigurationPlatforms) = preSolution
		Debug|Win32 = Debug|Win32
		MinSizeRel|Win32 = MinSizeRel|Win32
		Release|Win32 = Release|Win32
		RelWithDebInfo|Win32 = RelWithDebInfo|Win32
	EndGlobalSection
	GlobalSection(ProjectConfigurationPlatforms) = postSolution
		{711D1003-F3D9-3D46-A7F2-342EAEB73EF8}.Debug|Win32.ActiveCfg = Debug|Win32
		{711D1003-F3D9-3D46-A7F2-342EAEB73EF8}.Debug|Win32.Build.0 = Debug|Win32
		{711D1003-F3D9-3D46-A7F2-342EAEB73EF8}.MinSizeRel|Win32.ActiveCfg = MinSizeRel|Win32
		{711D1003-F3D9-3D46-A7F2-342EAEB73EF8}.MinSizeRel|Win32.Build.0 = MinSizeRel|Win32
		{711D1003-F3D9-3D46-A7F2-342EAEB73EF8}.Release|Win32.ActiveCfg = Release|Win32
		{711D1003-F3D9-3D46-A7F2-342EAEB73EF8}.Release|Win32.Build.0 = Release|Win32
		{711D1003-F3D9-3D46-A7F2-342EAEB73EF8}.RelWithDebInfo|Win32.ActiveCfg = RelWithDebInfo|Win32
		{711D1003-F3D9-3D46-A7F2-342EAEB73EF8}.RelWithDebInfo|Win32.Build.0 = RelWithDebInfo|Win32
		{AAFF54F7-7D94-3415-88D3-73FCF7B74AF9}.Debug|Win32.ActiveCfg = Debug|Win32
		{AAFF54F7-7D94-3415-88D3-73FCF7B74AF9}.MinSizeRel|Win32.ActiveCfg = MinSizeRel|Win32
		{AAFF54F7-7D94-3415-88D3-73FCF7B74AF9}.Release|Win32.ActiveCfg = Release|Win32
		{AAFF54F7-7D94-3415-88D3-73FCF7B74AF9}.RelWithDebInfo|Win32.ActiveCfg = RelWithDebInfo|Win32
		{D1A22911-048D-3BB1-B683-5C9252B142F7}.Debug|Win32.ActiveCfg = Debug|Win32
		{D1A22911-048D-3BB1-B683-5C9252B142F7}.MinSizeRel|Win32.ActiveCfg = MinSizeRel|Win32
		{D1A22911-048D-3BB1-B683-5C9252B142F7}.Release|Win32.ActiveCfg = Release|Win32
		{D1A22911-048D-3BB1-B683-5C9252B142F7}.RelWithDebInfo|Win32.ActiveCfg = RelWithDebInfo|Win32
		{BA947A84-0290-3579-9863-BA9A70F590C1}.Debug|Win32.ActiveCfg = Debug|Win32
		{BA947A84-0290-3579-9863-BA9A70F590C1}.Debug|Win32.Build.0 = Debug|Win32
		{BA947A84-0290-3579-9863-BA9A70F590C1}.MinSizeRel|Win32.ActiveCfg = MinSizeRel|Win32
		{BA947A84-0290-3579-9863-BA9A70F590C1}.MinSizeRel|Win32.Build.0 = MinSizeRel|Win32
		{BA947A84-0290-3579-9863-BA9A70F590C1}.Release|Win32.ActiveCfg = Release|Win32
		{BA947A84-0290-3579-9863-BA9A70F590C1}.Release|Win32.Build.0 = Release|Win32
		{BA947A84-0290-3579-9863-BA9A70F590C1}.RelWithDebInfo|Win32.ActiveCfg = RelWithDebInfo|Win32
		{BA947A84-0290-3579-9863-BA9A70F590C1}.RelWithDebInfo|Win32.Build.0 = RelWithDebInfo|Win32
		{6559C841-418B-3BB7-8471-73437C6FCBF7}.Debug|Win32.ActiveCfg = Debug|Win32
		{6559C841-418B-3BB7-8471-73437C6FCBF7}.Debug|Win32.Build.0 = Debug|Win32
		{6559C841-418B-3BB7-8471-73437C6FCBF7}.MinSizeRel|Win32.ActiveCfg = MinSizeRel|Win32
		{6559C841-418B-3BB7-8471-73437C6FCBF7}.MinSizeRel|Win32.Build.0 = MinSizeRel|Win32
		{6559C841-418B-3BB7-8471-73437C6FCBF7}.Release|Win32.ActiveCfg = Release|Win32
		{6559C841-418B-3BB7-8471-73437C6FCBF7}.Release|Win32.Build.0 = Release|Win32
		{6559C841-418B-3BB7-8471-73437C6FCBF7}.RelWithDebInfo|Win32.ActiveCfg = RelWithDebInfo|Win32
		{6559C841-418B-3BB7-8471-73437C6FCBF7}.RelWithDebInfo|Win32.Build.0 = RelWithDebInfo|Win32
		{429B001A-85D3-354E-90E6-3E04D0D6AF0C}.Debug|Win32.ActiveCfg = Debug|Win32
		{429B001A-85D3-354E-90E6-3E04D0D6AF0C}.Debug|Win32.Build.0 = Debug|Win32
		{429B001A-85D3-354E-90E6-3E04D0D6AF0C}.MinSizeRel|Win32.ActiveCfg = MinSizeRel|Win32
		{429B001A-85D3-354E-90E6-3E04D0D6AF0C}.MinSizeRel|Win32.Build.0 = MinSizeRel|Win32
		{429B001A-85D3-354E-90E6-3E04D0D6AF0C}.Release|Win32.ActiveCfg = Release|Win32
		{429B001A-85D3-354E-90E6-3E04D0D6AF0C}.Release|Win32.Build.0 = Release|Win32
		{429B001A-85D3-354E-90E6-3E04D0D6AF0C}.RelWithDebInfo|Win32.ActiveCfg = RelWithDebInfo|Win32
		{429B001A-85D3-354E-90E6-3E04D0D6AF0C}.RelWithDebInfo|Win32.Build.0 = RelWithDebInfo|Win32
		{8368BA40-256E-335D-BCA7-B7410A131FBE}.Debug|Win32.ActiveCfg = Debug|Win32
		{8368BA40-256E-335D-BCA7-B7410A131FBE}.Debug|Win32.Build.0 = Debug|Win32
		{8368BA40-256E-335D-BCA7-B7410A131FBE}.MinSizeRel|Win32.ActiveCfg = MinSizeRel|Win32
		{8368BA40-256E-335D-BCA7-B7410A131FBE}.MinSizeRel|Win32.Build.0 = MinSizeRel|Win32
		{8368BA40-256E-335D-BCA7-B7410A131FBE}.Release|Win32.ActiveCfg = Release|Win32
		{8368BA40-256E-335D-BCA7-B7410A131FBE}.Release|Win32.Build.0 = Release|Win32
		{8368BA40-256E-335D-BCA7-B7410A131FBE}.RelWithDebInfo|Win32.ActiveCfg = RelWithDebInfo|Win32
		{8368BA40-256E-335D-BCA7-B7410A131FBE}.RelWithDebInfo|Win32.Build.0 = RelWithDebInfo|Win32
		{552C7509-3CA2-3ECE-A47D-CA630C1746F4}.Debug|Win32.ActiveCfg = Debug|Win32
		{552C7509-3CA2-3ECE-A47D-CA630C1746F4}.Debug|Win32.Build.0 = Debug|Win32
		{552C7509-3CA2-3ECE-A47D-CA630C1746F4}.MinSizeRel|Win32.ActiveCfg = MinSizeRel|Win32
		{552C7509-3CA2-3ECE-A47D-CA630C1746F4}.MinSizeRel|Win32.Build.0 = MinSizeRel|Win32
		{552C7509-3CA2-3ECE-A47D-CA630C1746F4}.Release|Win32.ActiveCfg = Release|Win32
		{552C7509-3CA2-3ECE-A47D-CA630C1746F4}.Release|Win32.Build.0 = Release|Win32
		{552C7509-3CA2-3ECE-A47D-CA630C1746F4}.RelWithDebInfo|Win32.ActiveCfg = RelWithDebInfo|Win32
		{552C7509-3CA2-3ECE-A47D-CA630C1746F4}.RelWithDebInfo|Win32.Build.0 = RelWithDebInfo|Win32
		{5F22C833-62A9-3AF1-B90E-86BE159FAADD}.Debug|Win32.ActiveCfg = Debug|Win32
		{5F22C833-62A9-3AF1-B90E-86BE159FAADD}.Debug|Win32.Build.0 = Debug|Win32
		{5F22C833-62A9-3AF1-B90E-86BE159FAADD}.MinSizeRel|Win32.ActiveCfg = MinSizeRel|Win32
		{5F22C833-62A9-3AF1-B90E-86BE159FAADD}.MinSizeRel|Win32.Build.0 = MinSizeRel|Win32
		{5F22C833-62A9-3AF1-B90E-86BE159FAADD}.Release|Win32.ActiveCfg = Release|Win32
		{5F22C833-62A9-3AF1-B90E-86BE159FAADD}.Release|Win32.Build.0 = Release|Win32
		{5F22C833-62A9-3AF1-B90E-86BE159FAADD}.RelWithDebInfo|Win32.ActiveCfg = RelWithDebInfo|Win32
		{5F22C833-62A9-3AF1-B90E-86BE159FAADD}.RelWithDebInfo|Win32.Build.0 = RelWithDebInfo|Win32
		{1C5E6E04-1FAA-39C4-954C-338D8FB0EAD1}.Debug|Win32.ActiveCfg = Debug|Win32
		{1C5E6E04-1FAA-39C4-954C-338D8FB0EAD1}.Debug|Win32.Build.0 = Debug|Win32
		{1C5E6E04-1FAA-39C4-954C-338D8FB0EAD1}.MinSizeRel|Win32.ActiveCfg = MinSizeRel|Win32
		{1C5E6E04-1FAA-39C4-954C-338D8FB0EAD1}.MinSizeRel|Win32.Build.0 = MinSizeRel|Win32
		{1C5E6E04-1FAA-39C4-954C-338D8FB0EAD1}.Release|Win32.ActiveCfg = Release|Win32
		{1C5E6E04-1FAA-39C4-954C-338D8FB0EAD1}.Release|Win32.Build.0 = Release|Win32
		{1C5E6E04-1FAA-39C4-954C-338D8FB0EAD1}.RelWithDebInfo|Win32.ActiveCfg = RelWithDebInfo|Win32
		{1C5E6E04-1FAA-39C4-954C-338D8FB0EAD1}.RelWithDebInfo|Win32.Build.0 = RelWithDebInfo|Win32
		{81B155FA-0A88-3B26-BDE4-61048DE22BFF}.Debug|Win32.ActiveCfg = Debug|Win32
		{81B155FA-0A88-3B26-BDE4-61048DE22BFF}.Debug|Win32.Build.0 = Debug|Win32
		{81B155FA-0A88-3B26-BDE4-61048DE22BFF}.MinSizeRel|Win32.ActiveCfg = MinSizeRel|Win32
		{81B155FA-0A88-3B26-BDE4-61048DE22BFF}.MinSizeRel|Win32.Build.0 = MinSizeRel|Win32
		{81B155FA-0A88-3B26-BDE4-61048DE22BFF}.Release|Win32.ActiveCfg = Release|Win32
		{81B155FA-0A88-3B26-BDE4-61048DE22BFF}.Release|Win32.Build.0 = Release|Win32
		{81B155FA-0A88-3B26-BDE4-61048DE22BFF}.RelWithDebInfo|Win32.ActiveCfg = RelWithDebInfo|Win32
		{81B155FA-0A88-3B26-BDE4-61048DE22BFF}.RelWithDebInfo|Win32.Build.0 = RelWithDebInfo|Win32
		{53634318-264E-34F5-93F2-FAAC5711F94C}.Debug|Win32.ActiveCfg = Debug|Win32
		{53634318-264E-34F5-93F2-FAAC5711F94C}.Debug|Win32.Build.0 = Debug|Win32
		{53634318-264E-34F5-93F2-FAAC5711F94C}.MinSizeRel|Win32.ActiveCfg = MinSizeRel|Win32
		{53634318-264E-34F5-93F2-FAAC5711F94C}.MinSizeRel|Win32.Build.0 = MinSizeRel|Win32
		{53634318-264E-34F5-93F2-FAAC5711F94C}.Release|Win32.ActiveCfg = Release|Win32
		{53634318-264E-34F5-93F2-FAAC5711F94C}.Release|Win32.Build.0 = Release|Win32
		{53634318-264E-34F5-93F2-FAAC5711F94C}.RelWithDebInfo|Win32.ActiveCfg = RelWithDebInfo|Win32
		{53634318-264E-34F5-93F2-FAAC5711F94C}.RelWithDebInfo|Win32.Build.0 = RelWithDebInfo|Win32
		{A6D3D7F0-02D2-3323-867A-02ACAD96EBCA}.Debug|Win32.ActiveCfg = Debug|Win32
		{A6D3D7F0-02D2-3323-867A-02ACAD96EBCA}.Debug|Win32.Build.0 = Debug|Win32
		{A6D3D7F0-02D2-3323-867A-02ACAD96EBCA}.MinSizeRel|Win32.ActiveCfg = MinSizeRel|Win32
		{A6D3D7F0-02D2-3323-867A-02ACAD96EBCA}.MinSizeRel|Win32.Build.0 = MinSizeRel|Win32
		{A6D3D7F0-02D2-3323-867A-02ACAD96EBCA}.Release|Win32.ActiveCfg = Release|Win32
		{A6D3D7F0-02D2-3323-867A-02ACAD96EBCA}.Release|Win32.Build.0 = Release|Win32
		{A6D3D7F0-02D2-3323-867A-02ACAD96EBCA}.RelWithDebInfo|Win32.ActiveCfg = RelWithDebInfo|Win32
		{A6D3D7F0-02D2-3323-867A-02ACAD96EBCA}.RelWithDebInfo|Win32.Build.0 = RelWithDebInfo|Win32
		{09367B3B-D474-3FA9-82F6-05CB698100C4}.Debug|Win32.ActiveCfg = Debug|Win32
		{09367B3B-D474-3FA9-82F6-05CB698100C4}.Debug|Win32.Build.0 = Debug|Win32
		{09367B3B-D474-3FA9-82F6-05CB698100C4}.MinSizeRel|Win32.ActiveCfg = MinSizeRel|Win32
		{09367B3B-D474-3FA9-82F6-05CB698100C4}.MinSizeRel|Win32.Build.0 = MinSizeRel|Win32
		{09367B3B-D474-3FA9-82F6-05CB698100C4}.Release|Win32.ActiveCfg = Release|Win32
		{09367B3B-D474-3FA9-82F6-05CB698100C4}.Release|Win32.Build.0 = Release|Win32
		{09367B3B-D474-3FA9-82F6-05CB698100C4}.RelWithDebInfo|Win32.ActiveCfg = RelWithDebInfo|Win32
		{09367B3B-D474-3FA9-82F6-05CB698100C4}.RelWithDebInfo|Win32.Build.0 = RelWithDebInfo|Win32
		{7FCA7B95-177C-3A09-B599-DAF8E89FD423}.Debug|Win32.ActiveCfg = Debug|Win32
		{7FCA7B95-177C-3A09-B599-DAF8E89FD423}.Debug|Win32.Build.0 = Debug|Win32
		{7FCA7B95-177C-3A09-B599-DAF8E89FD423}.MinSizeRel|Win32.ActiveCfg = MinSizeRel|Win32
		{7FCA7B95-177C-3A09-B599-DAF8E89FD423}.MinSizeRel|Win32.Build.0 = MinSizeRel|Win32
		{7FCA7B95-177C-3A09-B599-DAF8E89FD423}.Release|Win32.ActiveCfg = Release|Win32
		{7FCA7B95-177C-3A09-B599-DAF8E89FD423}.Release|Win32.Build.0 = Release|Win32
		{7FCA7B95-177C-3A09-B599-DAF8E89FD423}.RelWithDebInfo|Win32.ActiveCfg = RelWithDebInfo|Win32
		{7FCA7B95-177C-3A09-B599-DAF8E89FD423}.RelWithDebInfo|Win32.Build.0 = RelWithDebInfo|Win32
		{2C7080A7-DB30-3079-A38E-9114612CABFD}.Debug|Win32.ActiveCfg = Debug|Win32
		{2C7080A7-DB30-3079-A38E-9114612CABFD}.Debug|Win32.Build.0 = Debug|Win32
		{2C7080A7-DB30-3079-A38E-9114612CABFD}.MinSizeRel|Win32.ActiveCfg = MinSizeRel|Win32
		{2C7080A7-DB30-3079-A38E-9114612CABFD}.MinSizeRel|Win32.Build.0 = MinSizeRel|Win32
		{2C7080A7-DB30-3079-A38E-9114612CABFD}.Release|Win32.ActiveCfg = Release|Win32
		{2C7080A7-DB30-3079-A38E-9114612CABFD}.Release|Win32.Build.0 = Release|Win32
		{2C7080A7-DB30-3079-A38E-9114612CABFD}.RelWithDebInfo|Win32.ActiveCfg = RelWithDebInfo|Win32
		{2C7080A7-DB30-3079-A38E-9114612CABFD}.RelWithDebInfo|Win32.Build.0 = RelWithDebInfo|Win32
		{FFD76A14-AEE4-357C-869A-1E80B7A577CB}.Debug|Win32.ActiveCfg = Debug|Win32
		{FFD76A14-AEE4-357C-869A-1E80B7A577CB}.Debug|Win32.Build.0 = Debug|Win32
		{FFD76A14-AEE4-357C-869A-1E80B7A577CB}.MinSizeRel|Win32.ActiveCfg = MinSizeRel|Win32
		{FFD76A14-AEE4-357C-869A-1E80B7A577CB}.MinSizeRel|Win32.Build.0 = MinSizeRel|Win32
		{FFD76A14-AEE4-357C-869A-1E80B7A577CB}.Release|Win32.ActiveCfg = Release|Win32
		{FFD76A14-AEE4-357C-869A-1E80B7A577CB}.Release|Win32.Build.0 = Release|Win32
		{FFD76A14-AEE4-357C-869A-1E80B7A577CB}.RelWithDebInfo|Win32.ActiveCfg = RelWithDebInfo|Win32
		{FFD76A14-AEE4-357C-869A-1E80B7A577CB}.RelWithDebInfo|Win32.Build.0 = RelWithDebInfo|Win32
		{5B86D77B-B55E-381E-AD01-3D8DD6F08E54}.Debug|Win32.ActiveCfg = Debug|Win32
		{5B86D77B-B55E-381E-AD01-3D8DD6F08E54}.Debug|Win32.Build.0 = Debug|Win32
		{5B86D77B-B55E-381E-AD01-3D8DD6F08E54}.MinSizeRel|Win32.ActiveCfg = MinSizeRel|Win32
		{5B86D77B-B55E-381E-AD01-3D8DD6F08E54}.MinSizeRel|Win32.Build.0 = MinSizeRel|Win32
		{5B86D77B-B55E-381E-AD01-3D8DD6F08E54}.Release|Win32.ActiveCfg = Release|Win32
		{5B86D77B-B55E-381E-AD01-3D8DD6F08E54}.Release|Win32.Build.0 = Release|Win32
		{5B86D77B-B55E-381E-AD01-3D8DD6F08E54}.RelWithDebInfo|Win32.ActiveCfg = RelWithDebInfo|Win32
		{5B86D77B-B55E-381E-AD01-3D8DD6F08E54}.RelWithDebInfo|Win32.Build.0 = RelWithDebInfo|Win32
		{591B75D6-FD27-3F12-B017-8BA1A1D4BDDB}.Debug|Win32.ActiveCfg = Debug|Win32
		{591B75D6-FD27-3F12-B017-8BA1A1D4BDDB}.Debug|Win32.Build.0 = Debug|Win32
		{591B75D6-FD27-3F12-B017-8BA1A1D4BDDB}.MinSizeRel|Win32.ActiveCfg = MinSizeRel|Win32
		{591B75D6-FD27-3F12-B017-8BA1A1D4BDDB}.MinSizeRel|Win32.Build.0 = MinSizeRel|Win32
		{591B75D6-FD27-3F12-B017-8BA1A1D4BDDB}.Release|Win32.ActiveCfg = Release|Win32
		{591B75D6-FD27-3F12-B017-8BA1A1D4BDDB}.Release|Win32.Build.0 = Release|Win32
		{591B75D6-FD27-3F12-B017-8BA1A1D4BDDB}.RelWithDebInfo|Win32.ActiveCfg = RelWithDebInfo|Win32
		{591B75D6-FD27-3F12-B017-8BA1A1D4BDDB}.RelWithDebInfo|Win32.Build.0 = RelWithDebInfo|Win32
		{60377ADC-B25B-3F46-A15C-0B2AA0D66005}.Debug|Win32.ActiveCfg = Debug|Win32
		{60377ADC-B25B-3F46-A15C-0B2AA0D66005}.Debug|Win32.Build.0 = Debug|Win32
		{60377ADC-B25B-3F46-A15C-0B2AA0D66005}.MinSizeRel|Win32.ActiveCfg = MinSizeRel|Win32
		{60377ADC-B25B-3F46-A15C-0B2AA0D66005}.MinSizeRel|Win32.Build.0 = MinSizeRel|Win32
		{60377ADC-B25B-3F46-A15C-0B2AA0D66005}.Release|Win32.ActiveCfg = Release|Win32
		{60377ADC-B25B-3F46-A15C-0B2AA0D66005}.Release|Win32.Build.0 = Release|Win32
		{60377ADC-B25B-3F46-A15C-0B2AA0D66005}.RelWithDebInfo|Win32.ActiveCfg = RelWithDebInfo|Win32
		{60377ADC-B25B-3F46-A15C-0B2AA0D66005}.RelWithDebInfo|Win32.Build.0 = RelWithDebInfo|Win32
		{4758D9EE-4430-3FA0-A4F5-75BC0E323525}.Debug|Win32.ActiveCfg = Debug|Win32
		{4758D9EE-4430-3FA0-A4F5-75BC0E323525}.Debug|Win32.Build.0 = Debug|Win32
		{4758D9EE-4430-3FA0-A4F5-75BC0E323525}.MinSizeRel|Win32.ActiveCfg = MinSizeRel|Win32
		{4758D9EE-4430-3FA0-A4F5-75BC0E323525}.MinSizeRel|Win32.Build.0 = MinSizeRel|Win32
		{4758D9EE-4430-3FA0-A4F5-75BC0E323525}.Release|Win32.ActiveCfg = Release|Win32
		{4758D9EE-4430-3FA0-A4F5-75BC0E323525}.Release|Win32.Build.0 = Release|Win32
		{4758D9EE-4430-3FA0-A4F5-75BC0E323525}.RelWithDebInfo|Win32.ActiveCfg = RelWithDebInfo|Win32
		{4758D9EE-4430-3FA0-A4F5-75BC0E323525}.RelWithDebInfo|Win32.Build.0 = RelWithDebInfo|Win32
		{C6207067-D275-3D37-8CD5-BC7A08B3525C}.Debug|Win32.ActiveCfg = Debug|Win32
		{C6207067-D275-3D37-8CD5-BC7A08B3525C}.Debug|Win32.Build.0 = Debug|Win32
		{C6207067-D275-3D37-8CD5-BC7A08B3525C}.MinSizeRel|Win32.ActiveCfg = MinSizeRel|Win32
		{C6207067-D275-3D37-8CD5-BC7A08B3525C}.MinSizeRel|Win32.Build.0 = MinSizeRel|Win32
		{C6207067-D275-3D37-8CD5-BC7A08B3525C}.Release|Win32.ActiveCfg = Release|Win32
		{C6207067-D275-3D37-8CD5-BC7A08B3525C}.Release|Win32.Build.0 = Release|Win32
		{C6207067-D275-3D37-8CD5-BC7A08B3525C}.RelWithDebInfo|Win32.ActiveCfg = RelWithDebInfo|Win32
		{C6207067-D275-3D37-8CD5-BC7A08B3525C}.RelWithDebInfo|Win32.Build.0 = RelWithDebInfo|Win32
		{10DE08C0-A9F3-36BE-A768-E72BBD99B31F}.Debug|Win32.ActiveCfg = Debug|Win32
		{10DE08C0-A9F3-36BE-A768-E72BBD99B31F}.Debug|Win32.Build.0 = Debug|Win32
		{10DE08C0-A9F3-36BE-A768-E72BBD99B31F}.MinSizeRel|Win32.ActiveCfg = MinSizeRel|Win32
		{10DE08C0-A9F3-36BE-A768-E72BBD99B31F}.MinSizeRel|Win32.Build.0 = MinSizeRel|Win32
		{10DE08C0-A9F3-36BE-A768-E72BBD99B31F}.Release|Win32.ActiveCfg = Release|Win32
		{10DE08C0-A9F3-36BE-A768-E72BBD99B31F}.Release|Win32.Build.0 = Release|Win32
		{10DE08C0-A9F3-36BE-A768-E72BBD99B31F}.RelWithDebInfo|Win32.ActiveCfg = RelWithDebInfo|Win32
		{10DE08C0-A9F3-36BE-A768-E72BBD99B31F}.RelWithDebInfo|Win32.Build.0 = RelWithDebInfo|Win32
		{5A83D8DE-8CC2-3737-9652-16E242754340}.Debug|Win32.ActiveCfg = Debug|Win32
		{5A83D8DE-8CC2-3737-9652-16E242754340}.Debug|Win32.Build.0 = Debug|Win32
		{5A83D8DE-8CC2-3737-9652-16E242754340}.MinSizeRel|Win32.ActiveCfg = MinSizeRel|Win32
		{5A83D8DE-8CC2-3737-9652-16E242754340}.MinSizeRel|Win32.Build.0 = MinSizeRel|Win32
		{5A83D8DE-8CC2-3737-9652-16E242754340}.Release|Win32.ActiveCfg = Release|Win32
		{5A83D8DE-8CC2-3737-9652-16E242754340}.Release|Win32.Build.0 = Release|Win32
		{5A83D8DE-8CC2-3737-9652-16E242754340}.RelWithDebInfo|Win32.ActiveCfg = RelWithDebInfo|Win32
		{5A83D8DE-8CC2-3737-9652-16E242754340}.RelWithDebInfo|Win32.Build.0 = RelWithDebInfo|Win32
		{509641F7-C9FD-3B7B-9ABC-DCF3A9690709}.Debug|Win32.ActiveCfg = Debug|Win32
		{509641F7-C9FD-3B7B-9ABC-DCF3A9690709}.Debug|Win32.Build.0 = Debug|Win32
		{509641F7-C9FD-3B7B-9ABC-DCF3A9690709}.MinSizeRel|Win32.ActiveCfg = MinSizeRel|Win32
		{509641F7-C9FD-3B7B-9ABC-DCF3A9690709}.MinSizeRel|Win32.Build.0 = MinSizeRel|Win32
		{509641F7-C9FD-3B7B-9ABC-DCF3A9690709}.Release|Win32.ActiveCfg = Release|Win32
		{509641F7-C9FD-3B7B-9ABC-DCF3A9690709}.Release|Win32.Build.0 = Release|Win32
		{509641F7-C9FD-3B7B-9ABC-DCF3A9690709}.RelWithDebInfo|Win32.ActiveCfg = RelWithDebInfo|Win32
		{509641F7-C9FD-3B7B-9ABC-DCF3A9690709}.RelWithDebInfo|Win32.Build.0 = RelWithDebInfo|Win32
		{8A9B81B9-E986-38D8-BF27-9D6025C438A1}.Debug|Win32.ActiveCfg = Debug|Win32
		{8A9B81B9-E986-38D8-BF27-9D6025C438A1}.Debug|Win32.Build.0 = Debug|Win32
		{8A9B81B9-E986-38D8-BF27-9D6025C438A1}.MinSizeRel|Win32.ActiveCfg = MinSizeRel|Win32
		{8A9B81B9-E986-38D8-BF27-9D6025C438A1}.MinSizeRel|Win32.Build.0 = MinSizeRel|Win32
		{8A9B81B9-E986-38D8-BF27-9D6025C438A1}.Release|Win32.ActiveCfg = Release|Win32
		{8A9B81B9-E986-38D8-BF27-9D6025C438A1}.Release|Win32.Build.0 = Release|Win32
		{8A9B81B9-E986-38D8-BF27-9D6025C438A1}.RelWithDebInfo|Win32.ActiveCfg = RelWithDebInfo|Win32
		{8A9B81B9-E986-38D8-BF27-9D6025C438A1}.RelWithDebInfo|Win32.Build.0 = RelWithDebInfo|Win32
		{0371500E-0E87-322A-AC04-11CB7D7911F8}.Debug|Win32.ActiveCfg = Debug|Win32
		{0371500E-0E87-322A-AC04-11CB7D7911F8}.Debug|Win32.Build.0 = Debug|Win32
		{0371500E-0E87-322A-AC04-11CB7D7911F8}.MinSizeRel|Win32.ActiveCfg = MinSizeRel|Win32
		{0371500E-0E87-322A-AC04-11CB7D7911F8}.MinSizeRel|Win32.Build.0 = MinSizeRel|Win32
		{0371500E-0E87-322A-AC04-11CB7D7911F8}.Release|Win32.ActiveCfg = Release|Win32
		{0371500E-0E87-322A-AC04-11CB7D7911F8}.Release|Win32.Build.0 = Release|Win32
		{0371500E-0E87-322A-AC04-11CB7D7911F8}.RelWithDebInfo|Win32.ActiveCfg = RelWithDebInfo|Win32
		{0371500E-0E87-322A-AC04-11CB7D7911F8}.RelWithDebInfo|Win32.Build.0 = RelWithDebInfo|Win32
		{29540155-7594-380F-8C6F-1941C337A471}.Debug|Win32.ActiveCfg = Debug|Win32
		{29540155-7594-380F-8C6F-1941C337A471}.Debug|Win32.Build.0 = Debug|Win32
		{29540155-7594-380F-8C6F-1941C337A471}.MinSizeRel|Win32.ActiveCfg = MinSizeRel|Win32
		{29540155-7594-380F-8C6F-1941C337A471}.MinSizeRel|Win32.Build.0 = MinSizeRel|Win32
		{29540155-7594-380F-8C6F-1941C337A471}.Release|Win32.ActiveCfg = Release|Win32
		{29540155-7594-380F-8C6F-1941C337A471}.Release|Win32.Build.0 = Release|Win32
		{29540155-7594-380F-8C6F-1941C337A471}.RelWithDebInfo|Win32.ActiveCfg = RelWithDebInfo|Win32
		{29540155-7594-380F-8C6F-1941C337A471}.RelWithDebInfo|Win32.Build.0 = RelWithDebInfo|Win32
		{F996BCCC-A1C3-3931-A250-4F7A84D1E035}.Debug|Win32.ActiveCfg = Debug|Win32
		{F996BCCC-A1C3-3931-A250-4F7A84D1E035}.Debug|Win32.Build.0 = Debug|Win32
		{F996BCCC-A1C3-3931-A250-4F7A84D1E035}.MinSizeRel|Win32.ActiveCfg = MinSizeRel|Win32
		{F996BCCC-A1C3-3931-A250-4F7A84D1E035}.MinSizeRel|Win32.Build.0 = MinSizeRel|Win32
		{F996BCCC-A1C3-3931-A250-4F7A84D1E035}.Release|Win32.ActiveCfg = Release|Win32
		{F996BCCC-A1C3-3931-A250-4F7A84D1E035}.Release|Win32.Build.0 = Release|Win32
		{F996BCCC-A1C3-3931-A250-4F7A84D1E035}.RelWithDebInfo|Win32.ActiveCfg = RelWithDebInfo|Win32
		{F996BCCC-A1C3-3931-A250-4F7A84D1E035}.RelWithDebInfo|Win32.Build.0 = RelWithDebInfo|Win32
		{23A82ABF-6AED-3531-8B7D-B6C1DF1BB7F6}.Debug|Win32.ActiveCfg = Debug|Win32
		{23A82ABF-6AED-3531-8B7D-B6C1DF1BB7F6}.Debug|Win32.Build.0 = Debug|Win32
		{23A82ABF-6AED-3531-8B7D-B6C1DF1BB7F6}.MinSizeRel|Win32.ActiveCfg = MinSizeRel|Win32
		{23A82ABF-6AED-3531-8B7D-B6C1DF1BB7F6}.MinSizeRel|Win32.Build.0 = MinSizeRel|Win32
		{23A82ABF-6AED-3531-8B7D-B6C1DF1BB7F6}.Release|Win32.ActiveCfg = Release|Win32
		{23A82ABF-6AED-3531-8B7D-B6C1DF1BB7F6}.Release|Win32.Build.0 = Release|Win32
		{23A82ABF-6AED-3531-8B7D-B6C1DF1BB7F6}.RelWithDebInfo|Win32.ActiveCfg = RelWithDebInfo|Win32
		{23A82ABF-6AED-3531-8B7D-B6C1DF1BB7F6}.RelWithDebInfo|Win32.Build.0 = RelWithDebInfo|Win32
		{EBF04E19-B4EC-357D-83D4-8CE30F49279D}.Debug|Win32.ActiveCfg = Debug|Win32
		{EBF04E19-B4EC-357D-83D4-8CE30F49279D}.Debug|Win32.Build.0 = Debug|Win32
		{EBF04E19-B4EC-357D-83D4-8CE30F49279D}.MinSizeRel|Win32.ActiveCfg = MinSizeRel|Win32
		{EBF04E19-B4EC-357D-83D4-8CE30F49279D}.MinSizeRel|Win32.Build.0 = MinSizeRel|Win32
		{EBF04E19-B4EC-357D-83D4-8CE30F49279D}.Release|Win32.ActiveCfg = Release|Win32
		{EBF04E19-B4EC-357D-83D4-8CE30F49279D}.Release|Win32.Build.0 = Release|Win32
		{EBF04E19-B4EC-357D-83D4-8CE30F49279D}.RelWithDebInfo|Win32.ActiveCfg = RelWithDebInfo|Win32
		{EBF04E19-B4EC-357D-83D4-8CE30F49279D}.RelWithDebInfo|Win32.Build.0 = RelWithDebInfo|Win32
		{65966832-2F02-3895-9AEE-EC3CB18639D3}.Debug|Win32.ActiveCfg = Debug|Win32
		{65966832-2F02-3895-9AEE-EC3CB18639D3}.Debug|Win32.Build.0 = Debug|Win32
		{65966832-2F02-3895-9AEE-EC3CB18639D3}.MinSizeRel|Win32.ActiveCfg = MinSizeRel|Win32
		{65966832-2F02-3895-9AEE-EC3CB18639D3}.MinSizeRel|Win32.Build.0 = MinSizeRel|Win32
		{65966832-2F02-3895-9AEE-EC3CB18639D3}.Release|Win32.ActiveCfg = Release|Win32
		{65966832-2F02-3895-9AEE-EC3CB18639D3}.Release|Win32.Build.0 = Release|Win32
		{65966832-2F02-3895-9AEE-EC3CB18639D3}.RelWithDebInfo|Win32.ActiveCfg = RelWithDebInfo|Win32
		{65966832-2F02-3895-9AEE-EC3CB18639D3}.RelWithDebInfo|Win32.Build.0 = RelWithDebInfo|Win32
		{F0673D42-0362-3741-8D65-8764B4948E1F}.Debug|Win32.ActiveCfg = Debug|Win32
		{F0673D42-0362-3741-8D65-8764B4948E1F}.Debug|Win32.Build.0 = Debug|Win32
		{F0673D42-0362-3741-8D65-8764B4948E1F}.MinSizeRel|Win32.ActiveCfg = MinSizeRel|Win32
		{F0673D42-0362-3741-8D65-8764B4948E1F}.MinSizeRel|Win32.Build.0 = MinSizeRel|Win32
		{F0673D42-0362-3741-8D65-8764B4948E1F}.Release|Win32.ActiveCfg = Release|Win32
		{F0673D42-0362-3741-8D65-8764B4948E1F}.Release|Win32.Build.0 = Release|Win32
		{F0673D42-0362-3741-8D65-8764B4948E1F}.RelWithDebInfo|Win32.ActiveCfg = RelWithDebInfo|Win32
		{F0673D42-0362-3741-8D65-8764B4948E1F}.RelWithDebInfo|Win32.Build.0 = RelWithDebInfo|Win32
		{FE3184C5-7651-383C-884C-0B89CDE5A597}.Debug|Win32.ActiveCfg = Debug|Win32
		{FE3184C5-7651-383C-884C-0B89CDE5A597}.Debug|Win32.Build.0 = Debug|Win32
		{FE3184C5-7651-383C-884C-0B89CDE5A597}.MinSizeRel|Win32.ActiveCfg = MinSizeRel|Win32
		{FE3184C5-7651-383C-884C-0B89CDE5A597}.MinSizeRel|Win32.Build.0 = MinSizeRel|Win32
		{FE3184C5-7651-383C-884C-0B89CDE5A597}.Release|Win32.ActiveCfg = Release|Win32
		{FE3184C5-7651-383C-884C-0B89CDE5A597}.Release|Win32.Build.0 = Release|Win32
		{FE3184C5-7651-383C-884C-0B89CDE5A597}.RelWithDebInfo|Win32.ActiveCfg = RelWithDebInfo|Win32
		{FE3184C5-7651-383C-884C-0B89CDE5A597}.RelWithDebInfo|Win32.Build.0 = RelWithDebInfo|Win32
		{AACEBDB6-F9EC-3DFF-9667-018120206707}.Debug|Win32.ActiveCfg = Debug|Win32
		{AACEBDB6-F9EC-3DFF-9667-018120206707}.Debug|Win32.Build.0 = Debug|Win32
		{AACEBDB6-F9EC-3DFF-9667-018120206707}.MinSizeRel|Win32.ActiveCfg = MinSizeRel|Win32
		{AACEBDB6-F9EC-3DFF-9667-018120206707}.MinSizeRel|Win32.Build.0 = MinSizeRel|Win32
		{AACEBDB6-F9EC-3DFF-9667-018120206707}.Release|Win32.ActiveCfg = Release|Win32
		{AACEBDB6-F9EC-3DFF-9667-018120206707}.Release|Win32.Build.0 = Release|Win32
		{AACEBDB6-F9EC-3DFF-9667-018120206707}.RelWithDebInfo|Win32.ActiveCfg = RelWithDebInfo|Win32
		{AACEBDB6-F9EC-3DFF-9667-018120206707}.RelWithDebInfo|Win32.Build.0 = RelWithDebInfo|Win32
		{86E20EFA-56BF-3198-9491-C0F6215E5561}.Debug|Win32.ActiveCfg = Debug|Win32
		{86E20EFA-56BF-3198-9491-C0F6215E5561}.Debug|Win32.Build.0 = Debug|Win32
		{86E20EFA-56BF-3198-9491-C0F6215E5561}.MinSizeRel|Win32.ActiveCfg = MinSizeRel|Win32
		{86E20EFA-56BF-3198-9491-C0F6215E5561}.MinSizeRel|Win32.Build.0 = MinSizeRel|Win32
		{86E20EFA-56BF-3198-9491-C0F6215E5561}.Release|Win32.ActiveCfg = Release|Win32
		{86E20EFA-56BF-3198-9491-C0F6215E5561}.Release|Win32.Build.0 = Release|Win32
		{86E20EFA-56BF-3198-9491-C0F6215E5561}.RelWithDebInfo|Win32.ActiveCfg = RelWithDebInfo|Win32
		{86E20EFA-56BF-3198-9491-C0F6215E5561}.RelWithDebInfo|Win32.Build.0 = RelWithDebInfo|Win32
		{C3AAAEE6-0AC9-3A14-A8FF-098E5F8F90AA}.Debug|Win32.ActiveCfg = Debug|Win32
		{C3AAAEE6-0AC9-3A14-A8FF-098E5F8F90AA}.Debug|Win32.Build.0 = Debug|Win32
		{C3AAAEE6-0AC9-3A14-A8FF-098E5F8F90AA}.MinSizeRel|Win32.ActiveCfg = MinSizeRel|Win32
		{C3AAAEE6-0AC9-3A14-A8FF-098E5F8F90AA}.MinSizeRel|Win32.Build.0 = MinSizeRel|Win32
		{C3AAAEE6-0AC9-3A14-A8FF-098E5F8F90AA}.Release|Win32.ActiveCfg = Release|Win32
		{C3AAAEE6-0AC9-3A14-A8FF-098E5F8F90AA}.Release|Win32.Build.0 = Release|Win32
		{C3AAAEE6-0AC9-3A14-A8FF-098E5F8F90AA}.RelWithDebInfo|Win32.ActiveCfg = RelWithDebInfo|Win32
		{C3AAAEE6-0AC9-3A14-A8FF-098E5F8F90AA}.RelWithDebInfo|Win32.Build.0 = RelWithDebInfo|Win32
		{E61B0A13-41BB-39C6-804F-2D287AF49B3D}.Debug|Win32.ActiveCfg = Debug|Win32
		{E61B0A13-41BB-39C6-804F-2D287AF49B3D}.Debug|Win32.Build.0 = Debug|Win32
		{E61B0A13-41BB-39C6-804F-2D287AF49B3D}.MinSizeRel|Win32.ActiveCfg = MinSizeRel|Win32
		{E61B0A13-41BB-39C6-804F-2D287AF49B3D}.MinSizeRel|Win32.Build.0 = MinSizeRel|Win32
		{E61B0A13-41BB-39C6-804F-2D287AF49B3D}.Release|Win32.ActiveCfg = Release|Win32
		{E61B0A13-41BB-39C6-804F-2D287AF49B3D}.Release|Win32.Build.0 = Release|Win32
		{E61B0A13-41BB-39C6-804F-2D287AF49B3D}.RelWithDebInfo|Win32.ActiveCfg = RelWithDebInfo|Win32
		{E61B0A13-41BB-39C6-804F-2D287AF49B3D}.RelWithDebInfo|Win32.Build.0 = RelWithDebInfo|Win32
		{B12702AD-ABFB-343A-A199-8E24837244A3}.Debug|Win32.ActiveCfg = Debug|Win32
		{B12702AD-ABFB-343A-A199-8E24837244A3}.Debug|Win32.Build.0 = Debug|Win32
		{B12702AD-ABFB-343A-A199-8E24837244A3}.MinSizeRel|Win32.ActiveCfg = Release|Win32
		{B12702AD-ABFB-343A-A199-8E24837244A3}.MinSizeRel|Win32.Build.0 = Release|Win32
		{B12702AD-ABFB-343A-A199-8E24837244A3}.Release|Win32.ActiveCfg = Release|Win32
		{B12702AD-ABFB-343A-A199-8E24837244A3}.Release|Win32.Build.0 = Release|Win32
		{B12702AD-ABFB-343A-A199-8E24837244A3}.RelWithDebInfo|Win32.ActiveCfg = Release|Win32
		{B12702AD-ABFB-343A-A199-8E24837244A3}.RelWithDebInfo|Win32.Build.0 = Release|Win32
		{F760BB77-EF3D-3CA9-BB1C-08791F29BF43}.Debug|Win32.ActiveCfg = Debug|Win32
		{F760BB77-EF3D-3CA9-BB1C-08791F29BF43}.Debug|Win32.Build.0 = Debug|Win32
		{F760BB77-EF3D-3CA9-BB1C-08791F29BF43}.MinSizeRel|Win32.ActiveCfg = MinSizeRel|Win32
		{F760BB77-EF3D-3CA9-BB1C-08791F29BF43}.MinSizeRel|Win32.Build.0 = MinSizeRel|Win32
		{F760BB77-EF3D-3CA9-BB1C-08791F29BF43}.Release|Win32.ActiveCfg = Release|Win32
		{F760BB77-EF3D-3CA9-BB1C-08791F29BF43}.Release|Win32.Build.0 = Release|Win32
		{F760BB77-EF3D-3CA9-BB1C-08791F29BF43}.RelWithDebInfo|Win32.ActiveCfg = RelWithDebInfo|Win32
		{F760BB77-EF3D-3CA9-BB1C-08791F29BF43}.RelWithDebInfo|Win32.Build.0 = RelWithDebInfo|Win32
		{A6CE7CA6-B97C-4BF6-A59A-BF1F8682F898}.Debug|Win32.ActiveCfg = Debug|Win32
		{A6CE7CA6-B97C-4BF6-A59A-BF1F8682F898}.Debug|Win32.Build.0 = Debug|Win32
		{A6CE7CA6-B97C-4BF6-A59A-BF1F8682F898}.MinSizeRel|Win32.ActiveCfg = Release|Win32
		{A6CE7CA6-B97C-4BF6-A59A-BF1F8682F898}.MinSizeRel|Win32.Build.0 = Release|Win32
		{A6CE7CA6-B97C-4BF6-A59A-BF1F8682F898}.Release|Win32.ActiveCfg = Release|Win32
		{A6CE7CA6-B97C-4BF6-A59A-BF1F8682F898}.Release|Win32.Build.0 = Release|Win32
		{A6CE7CA6-B97C-4BF6-A59A-BF1F8682F898}.RelWithDebInfo|Win32.ActiveCfg = Release|Win32
		{A6CE7CA6-B97C-4BF6-A59A-BF1F8682F898}.RelWithDebInfo|Win32.Build.0 = Release|Win32
	EndGlobalSection
	GlobalSection(SolutionProperties) = preSolution
		HideSolutionNode = FALSE
	EndGlobalSection
	GlobalSection(ExtensibilityGlobals) = postSolution
		SolutionGuid = {7740422A-8B6B-3983-87FF-D1F3B4F8A628}
	EndGlobalSection
EndGlobal
