Microsoft Visual Studio Solution File, Format Version 12.00
# Visual Studio 14
Project("{8BC9CEB8-8B4A-11D0-8D11-00A0C91BC942}") = "ALL_BUILD", "ALL_BUILD.vcxproj", "{4F016B83-AE15-3627-811A-5C7DFC3CA8F8}"
	ProjectSection(ProjectDependencies) = postProject
		{727BF34D-068B-3D79-9F06-C1CBFF88EB88} = {727BF34D-068B-3D79-9F06-C1CBFF88EB88}
		{2004E7F4-613C-3EBF-81DC-AF45F1C6777E} = {2004E7F4-613C-3EBF-81DC-AF45F1C6777E}
	EndProjectSection
EndProject
Project("{8BC9CEB8-8B4A-11D0-8D11-00A0C91BC942}") = "INSTALL", "INSTALL.vcxproj", "{8A82E5F4-866D-34D7-B335-5B80FE9DD43F}"
	ProjectSection(ProjectDependencies) = postProject
		{4F016B83-AE15-3627-811A-5C7DFC3CA8F8} = {4F016B83-AE15-3627-811A-5C7DFC3CA8F8}
		{727BF34D-068B-3D79-9F06-C1CBFF88EB88} = {727BF34D-068B-3D79-9F06-C1CBFF88EB88}
	EndProjectSection
EndProject
Project("{8BC9CEB8-8B4A-11D0-8D11-00A0C91BC942}") = "PACKAGE", "PACKAGE.vcxproj", "{ED5B20E4-30CE-3B48-83C5-8F724BD639F1}"
	ProjectSection(ProjectDependencies) = postProject
		{4F016B83-AE15-3627-811A-5C7DFC3CA8F8} = {4F016B83-AE15-3627-811A-5C7DFC3CA8F8}
		{727BF34D-068B-3D79-9F06-C1CBFF88EB88} = {727BF34D-068B-3D79-9F06-C1CBFF88EB88}
	EndProjectSection
EndProject
Project("{8BC9CEB8-8B4A-11D0-8D11-00A0C91BC942}") = "ZERO_CHECK", "..\..\..\\ZERO_CHECK.vcxproj", "{727BF34D-068B-3D79-9F06-C1CBFF88EB88}"
	ProjectSection(ProjectDependencies) = postProject
	EndProjectSection
EndProject
Project("{8BC9CEB8-8B4A-11D0-8D11-00A0C91BC942}") = "blake2", "..\..\..\deps\blake2\blake2.vcxproj", "{0CA2597C-8281-38E7-AD68-7F1580207207}"
	ProjectSection(ProjectDependencies) = postProject
		{727BF34D-068B-3D79-9F06-C1CBFF88EB88} = {727BF34D-068B-3D79-9F06-C1CBFF88EB88}
	EndProjectSection
EndProject
Project("{8BC9CEB8-8B4A-11D0-8D11-00A0C91BC942}") = "jansson", "..\..\..\deps\jansson\jansson.vcxproj", "{DE755BD5-EE46-39F9-91E5-F67CD8829A42}"
	ProjectSection(ProjectDependencies) = postProject
		{727BF34D-068B-3D79-9F06-C1CBFF88EB88} = {727BF34D-068B-3D79-9F06-C1CBFF88EB88}
	EndProjectSection
EndProject
Project("{8BC9CEB8-8B4A-11D0-8D11-00A0C91BC942}") = "lzma", "..\..\..\deps\lzma\lzma.vcxproj", "{0E8BC6C7-14AA-397F-A273-CB580C0C8F8C}"
	ProjectSection(ProjectDependencies) = postProject
		{727BF34D-068B-3D79-9F06-C1CBFF88EB88} = {727BF34D-068B-3D79-9F06-C1CBFF88EB88}
	EndProjectSection
EndProject
Project("{8BC9CEB8-8B4A-11D0-8D11-00A0C91BC942}") = "updater", "updater.vcxproj", "{2004E7F4-613C-3EBF-81DC-AF45F1C6777E}"
	ProjectSection(ProjectDependencies) = postProject
		{727BF34D-068B-3D79-9F06-C1CBFF88EB88} = {727BF34D-068B-3D79-9F06-C1CBFF88EB88}
		{0CA2597C-8281-38E7-AD68-7F1580207207} = {0CA2597C-8281-38E7-AD68-7F1580207207}
		{DE755BD5-EE46-39F9-91E5-F67CD8829A42} = {DE755BD5-EE46-39F9-91E5-F67CD8829A42}
		{0E8BC6C7-14AA-397F-A273-CB580C0C8F8C} = {0E8BC6C7-14AA-397F-A273-CB580C0C8F8C}
	EndProjectSection
EndProject
Global
	GlobalSection(SolutionConfigurationPlatforms) = preSolution
		Debug|Win32 = Debug|Win32
		Release|Win32 = Release|Win32
		MinSizeRel|Win32 = MinSizeRel|Win32
		RelWithDebInfo|Win32 = RelWithDebInfo|Win32
	EndGlobalSection
	GlobalSection(ProjectConfigurationPlatforms) = postSolution
		{4F016B83-AE15-3627-811A-5C7DFC3CA8F8}.Debug|Win32.ActiveCfg = Debug|Win32
		{4F016B83-AE15-3627-811A-5C7DFC3CA8F8}.Debug|Win32.Build.0 = Debug|Win32
		{4F016B83-AE15-3627-811A-5C7DFC3CA8F8}.Release|Win32.ActiveCfg = Release|Win32
		{4F016B83-AE15-3627-811A-5C7DFC3CA8F8}.Release|Win32.Build.0 = Release|Win32
		{4F016B83-AE15-3627-811A-5C7DFC3CA8F8}.MinSizeRel|Win32.ActiveCfg = MinSizeRel|Win32
		{4F016B83-AE15-3627-811A-5C7DFC3CA8F8}.MinSizeRel|Win32.Build.0 = MinSizeRel|Win32
		{4F016B83-AE15-3627-811A-5C7DFC3CA8F8}.RelWithDebInfo|Win32.ActiveCfg = RelWithDebInfo|Win32
		{4F016B83-AE15-3627-811A-5C7DFC3CA8F8}.RelWithDebInfo|Win32.Build.0 = RelWithDebInfo|Win32
		{8A82E5F4-866D-34D7-B335-5B80FE9DD43F}.Debug|Win32.ActiveCfg = Debug|Win32
		{8A82E5F4-866D-34D7-B335-5B80FE9DD43F}.Release|Win32.ActiveCfg = Release|Win32
		{8A82E5F4-866D-34D7-B335-5B80FE9DD43F}.MinSizeRel|Win32.ActiveCfg = MinSizeRel|Win32
		{8A82E5F4-866D-34D7-B335-5B80FE9DD43F}.RelWithDebInfo|Win32.ActiveCfg = RelWithDebInfo|Win32
		{ED5B20E4-30CE-3B48-83C5-8F724BD639F1}.Debug|Win32.ActiveCfg = Debug|Win32
		{ED5B20E4-30CE-3B48-83C5-8F724BD639F1}.Release|Win32.ActiveCfg = Release|Win32
		{ED5B20E4-30CE-3B48-83C5-8F724BD639F1}.MinSizeRel|Win32.ActiveCfg = MinSizeRel|Win32
		{ED5B20E4-30CE-3B48-83C5-8F724BD639F1}.RelWithDebInfo|Win32.ActiveCfg = RelWithDebInfo|Win32
		{727BF34D-068B-3D79-9F06-C1CBFF88EB88}.Debug|Win32.ActiveCfg = Debug|Win32
		{727BF34D-068B-3D79-9F06-C1CBFF88EB88}.Debug|Win32.Build.0 = Debug|Win32
		{727BF34D-068B-3D79-9F06-C1CBFF88EB88}.Release|Win32.ActiveCfg = Release|Win32
		{727BF34D-068B-3D79-9F06-C1CBFF88EB88}.Release|Win32.Build.0 = Release|Win32
		{727BF34D-068B-3D79-9F06-C1CBFF88EB88}.MinSizeRel|Win32.ActiveCfg = MinSizeRel|Win32
		{727BF34D-068B-3D79-9F06-C1CBFF88EB88}.MinSizeRel|Win32.Build.0 = MinSizeRel|Win32
		{727BF34D-068B-3D79-9F06-C1CBFF88EB88}.RelWithDebInfo|Win32.ActiveCfg = RelWithDebInfo|Win32
		{727BF34D-068B-3D79-9F06-C1CBFF88EB88}.RelWithDebInfo|Win32.Build.0 = RelWithDebInfo|Win32
		{0CA2597C-8281-38E7-AD68-7F1580207207}.Debug|Win32.ActiveCfg = Debug|Win32
		{0CA2597C-8281-38E7-AD68-7F1580207207}.Debug|Win32.Build.0 = Debug|Win32
		{0CA2597C-8281-38E7-AD68-7F1580207207}.Release|Win32.ActiveCfg = Release|Win32
		{0CA2597C-8281-38E7-AD68-7F1580207207}.Release|Win32.Build.0 = Release|Win32
		{0CA2597C-8281-38E7-AD68-7F1580207207}.MinSizeRel|Win32.ActiveCfg = MinSizeRel|Win32
		{0CA2597C-8281-38E7-AD68-7F1580207207}.MinSizeRel|Win32.Build.0 = MinSizeRel|Win32
		{0CA2597C-8281-38E7-AD68-7F1580207207}.RelWithDebInfo|Win32.ActiveCfg = RelWithDebInfo|Win32
		{0CA2597C-8281-38E7-AD68-7F1580207207}.RelWithDebInfo|Win32.Build.0 = RelWithDebInfo|Win32
		{DE755BD5-EE46-39F9-91E5-F67CD8829A42}.Debug|Win32.ActiveCfg = Debug|Win32
		{DE755BD5-EE46-39F9-91E5-F67CD8829A42}.Debug|Win32.Build.0 = Debug|Win32
		{DE755BD5-EE46-39F9-91E5-F67CD8829A42}.Release|Win32.ActiveCfg = Release|Win32
		{DE755BD5-EE46-39F9-91E5-F67CD8829A42}.Release|Win32.Build.0 = Release|Win32
		{DE755BD5-EE46-39F9-91E5-F67CD8829A42}.MinSizeRel|Win32.ActiveCfg = MinSizeRel|Win32
		{DE755BD5-EE46-39F9-91E5-F67CD8829A42}.MinSizeRel|Win32.Build.0 = MinSizeRel|Win32
		{DE755BD5-EE46-39F9-91E5-F67CD8829A42}.RelWithDebInfo|Win32.ActiveCfg = RelWithDebInfo|Win32
		{DE755BD5-EE46-39F9-91E5-F67CD8829A42}.RelWithDebInfo|Win32.Build.0 = RelWithDebInfo|Win32
		{0E8BC6C7-14AA-397F-A273-CB580C0C8F8C}.Debug|Win32.ActiveCfg = Debug|Win32
		{0E8BC6C7-14AA-397F-A273-CB580C0C8F8C}.Debug|Win32.Build.0 = Debug|Win32
		{0E8BC6C7-14AA-397F-A273-CB580C0C8F8C}.Release|Win32.ActiveCfg = Release|Win32
		{0E8BC6C7-14AA-397F-A273-CB580C0C8F8C}.Release|Win32.Build.0 = Release|Win32
		{0E8BC6C7-14AA-397F-A273-CB580C0C8F8C}.MinSizeRel|Win32.ActiveCfg = MinSizeRel|Win32
		{0E8BC6C7-14AA-397F-A273-CB580C0C8F8C}.MinSizeRel|Win32.Build.0 = MinSizeRel|Win32
		{0E8BC6C7-14AA-397F-A273-CB580C0C8F8C}.RelWithDebInfo|Win32.ActiveCfg = RelWithDebInfo|Win32
		{0E8BC6C7-14AA-397F-A273-CB580C0C8F8C}.RelWithDebInfo|Win32.Build.0 = RelWithDebInfo|Win32
		{2004E7F4-613C-3EBF-81DC-AF45F1C6777E}.Debug|Win32.ActiveCfg = Debug|Win32
		{2004E7F4-613C-3EBF-81DC-AF45F1C6777E}.Debug|Win32.Build.0 = Debug|Win32
		{2004E7F4-613C-3EBF-81DC-AF45F1C6777E}.Release|Win32.ActiveCfg = Release|Win32
		{2004E7F4-613C-3EBF-81DC-AF45F1C6777E}.Release|Win32.Build.0 = Release|Win32
		{2004E7F4-613C-3EBF-81DC-AF45F1C6777E}.MinSizeRel|Win32.ActiveCfg = MinSizeRel|Win32
		{2004E7F4-613C-3EBF-81DC-AF45F1C6777E}.MinSizeRel|Win32.Build.0 = MinSizeRel|Win32
		{2004E7F4-613C-3EBF-81DC-AF45F1C6777E}.RelWithDebInfo|Win32.ActiveCfg = RelWithDebInfo|Win32
		{2004E7F4-613C-3EBF-81DC-AF45F1C6777E}.RelWithDebInfo|Win32.Build.0 = RelWithDebInfo|Win32
	EndGlobalSection
	GlobalSection(ExtensibilityGlobals) = postSolution
		SolutionGuid = {30CD6C39-2D75-333C-805D-CCEB4E66A068}
	EndGlobalSection
	GlobalSection(ExtensibilityAddIns) = postSolution
	EndGlobalSection
EndGlobal
