<?xml version="1.0" encoding="utf-8"?>
<Project ToolsVersion="14.0" xmlns="http://schemas.microsoft.com/developer/msbuild/2003">
  <ItemGroup>
    <CustomBuild Include="E:\obs-studio\vsbuild\CMakeFiles\16711e51b173d52b0be88e170b910283\PACKAGE_force.rule">
      <Filter>CMake Rules</Filter>
    </CustomBuild>
  </ItemGroup>
  <ItemGroup>
    <Filter Include="CMake Rules">
      <UniqueIdentifier>{8438732C-DBB3-306C-A901-9229C800B983}</UniqueIdentifier>
    </Filter>
  </ItemGroup>
</Project>
